
Microsoft Visual Studio Solution File, Format Version 12.00
# Visual Studio Version 17
VisualStudioVersion = 17.8.34212.112
MinimumVisualStudioVersion = 10.0.40219.1
Project("{FAE04EC0-301F-11D3-BF4B-00C04F79EFBC}") = "2.1.01 If Condition (Exercise 1)", "2.1.01 If Condition (Exercise 1)\2.1.01 If Condition (Exercise 1).csproj", "{69F509EA-AC3E-4786-9DBE-D4597234CA79}"
EndProject
Project("{FAE04EC0-301F-11D3-BF4B-00C04F79EFBC}") = "1.1.01 Sequential (Exercise 1)", "1.1.01 Sequential (Exercise 1)\1.1.01 Sequential (Exercise 1).csproj", "{A7E9CDD1-912A-40DF-82EA-3B933E135ED6}"
EndProject
Project("{FAE04EC0-301F-11D3-BF4B-00C04F79EFBC}") = "1.1.03 Sequential (Exercise 3)", "1.1.03 Sequential (Exercise 3)\1.1.03 Sequential (Exercise 3).csproj", "{3C27A3FE-4913-4EB6-B741-C2089E66115E}"
EndProject
Project("{FAE04EC0-301F-11D3-BF4B-00C04F79EFBC}") = "1.1.02 Sequential (Exercise 2)", "1.1.02 Sequential (Exercise 2)\1.1.02 Sequential (Exercise 2).csproj", "{50514312-FEF9-46FA-BB71-A51650A18DD4}"
EndProject
Project("{FAE04EC0-301F-11D3-BF4B-00C04F79EFBC}") = "1.1.04 Sequential (Exercise 4)", "1.1.04 Sequential (Exercise 4)\1.1.04 Sequential (Exercise 4).csproj", "{2E48F7D8-A203-46C8-A579-BC4F2BCCE4DD}"
EndProject
Project("{FAE04EC0-301F-11D3-BF4B-00C04F79EFBC}") = "1.1.05 Sequential (Exercise 5)", "1.1.05 Sequential (Exercise 5)\1.1.05 Sequential (Exercise 5).csproj", "{CACFB202-9F5C-4D9B-83CD-C6A11852DCB1}"
EndProject
Project("{FAE04EC0-301F-11D3-BF4B-00C04F79EFBC}") = "1.1.08 Sequential (Exercise 8)", "1.1.08 Sequential (Exercise 8)\1.1.08 Sequential (Exercise 8).csproj", "{647E02C5-AB9D-4B2A-AFEE-BA1EC44FA74B}"
EndProject
Project("{FAE04EC0-301F-11D3-BF4B-00C04F79EFBC}") = "1.1.10 Sequential (Exercise 10)", "1.1.10 Sequential (Exercise 10)\1.1.10 Sequential (Exercise 10).csproj", "{9C98BE56-46FB-482B-9FAF-EC5F18FFD06B}"
EndProject
Project("{FAE04EC0-301F-11D3-BF4B-00C04F79EFBC}") = "1.1.11 Sequential (Exercise 11)", "1.1.11 Sequential (Exercise 11)\1.1.11 Sequential (Exercise 11).csproj", "{D7A49212-5B23-4AD1-975E-F454949E1C2E}"
EndProject
Project("{FAE04EC0-301F-11D3-BF4B-00C04F79EFBC}") = "1.1.06 Sequential (Exercise 6)", "1.1.06 Sequential (Exercise 6)\1.1.06 Sequential (Exercise 6).csproj", "{8401E61A-E4DE-4A13-B0A7-6CC0F9476901}"
EndProject
Project("{FAE04EC0-301F-11D3-BF4B-00C04F79EFBC}") = "1.1.07 Sequential (Exercise 7)", "1.1.07 Sequential (Exercise 7)\1.1.07 Sequential (Exercise 7).csproj", "{448EC1E1-E5D7-4CFE-95DE-35A1F56739AF}"
EndProject
Project("{FAE04EC0-301F-11D3-BF4B-00C04F79EFBC}") = "1.1.09 Sequential (Exercise 9)", "1.1.09 Sequential (Exercise 9)\1.1.09 Sequential (Exercise 9).csproj", "{7E680A28-500C-4777-A6FC-679CF0C7BFA8}"
EndProject
Project("{FAE04EC0-301F-11D3-BF4B-00C04F79EFBC}") = "1.1.12 Sequential (Exercise 12)", "1.1.12 Sequential (Exercise 12)\1.1.12 Sequential (Exercise 12).csproj", "{4AA69CE6-1DC7-4C33-8998-7858F3FBCF78}"
EndProject
Project("{FAE04EC0-301F-11D3-BF4B-00C04F79EFBC}") = "1.1.15 Sequential (Exercise 15)", "1.1.15 Sequential (Exercise 15)\1.1.15 Sequential (Exercise 15).csproj", "{0F7CC6A0-7B0A-41F4-BC18-1B51DE507F8D}"
EndProject
Project("{FAE04EC0-301F-11D3-BF4B-00C04F79EFBC}") = "1.1.16 Sequential (Exercise 16)", "1.1.16 Sequential (Exercise 16)\1.1.16 Sequential (Exercise 16).csproj", "{4E10D265-42E0-4151-97A4-AEEFB8FFF313}"
EndProject
Project("{FAE04EC0-301F-11D3-BF4B-00C04F79EFBC}") = "1.1.14 Sequential (Exercise 14)", "1.1.14 Sequential (Exercise 14)\1.1.14 Sequential (Exercise 14).csproj", "{24F00E24-506E-42A8-91A8-A33FEE3827A8}"
EndProject
Global
	GlobalSection(SolutionConfigurationPlatforms) = preSolution
		Debug|Any CPU = Debug|Any CPU
		Release|Any CPU = Release|Any CPU
	EndGlobalSection
	GlobalSection(ProjectConfigurationPlatforms) = postSolution
		{69F509EA-AC3E-4786-9DBE-D4597234CA79}.Debug|Any CPU.ActiveCfg = Debug|Any CPU
		{69F509EA-AC3E-4786-9DBE-D4597234CA79}.Debug|Any CPU.Build.0 = Debug|Any CPU
		{69F509EA-AC3E-4786-9DBE-D4597234CA79}.Release|Any CPU.ActiveCfg = Release|Any CPU
		{69F509EA-AC3E-4786-9DBE-D4597234CA79}.Release|Any CPU.Build.0 = Release|Any CPU
		{A7E9CDD1-912A-40DF-82EA-3B933E135ED6}.Debug|Any CPU.ActiveCfg = Debug|Any CPU
		{A7E9CDD1-912A-40DF-82EA-3B933E135ED6}.Debug|Any CPU.Build.0 = Debug|Any CPU
		{A7E9CDD1-912A-40DF-82EA-3B933E135ED6}.Release|Any CPU.ActiveCfg = Release|Any CPU
		{A7E9CDD1-912A-40DF-82EA-3B933E135ED6}.Release|Any CPU.Build.0 = Release|Any CPU
		{3C27A3FE-4913-4EB6-B741-C2089E66115E}.Debug|Any CPU.ActiveCfg = Debug|Any CPU
		{3C27A3FE-4913-4EB6-B741-C2089E66115E}.Debug|Any CPU.Build.0 = Debug|Any CPU
		{3C27A3FE-4913-4EB6-B741-C2089E66115E}.Release|Any CPU.ActiveCfg = Release|Any CPU
		{3C27A3FE-4913-4EB6-B741-C2089E66115E}.Release|Any CPU.Build.0 = Release|Any CPU
		{50514312-FEF9-46FA-BB71-A51650A18DD4}.Debug|Any CPU.ActiveCfg = Debug|Any CPU
		{50514312-FEF9-46FA-BB71-A51650A18DD4}.Debug|Any CPU.Build.0 = Debug|Any CPU
		{50514312-FEF9-46FA-BB71-A51650A18DD4}.Release|Any CPU.ActiveCfg = Release|Any CPU
		{50514312-FEF9-46FA-BB71-A51650A18DD4}.Release|Any CPU.Build.0 = Release|Any CPU
		{2E48F7D8-A203-46C8-A579-BC4F2BCCE4DD}.Debug|Any CPU.ActiveCfg = Debug|Any CPU
		{2E48F7D8-A203-46C8-A579-BC4F2BCCE4DD}.Debug|Any CPU.Build.0 = Debug|Any CPU
		{2E48F7D8-A203-46C8-A579-BC4F2BCCE4DD}.Release|Any CPU.ActiveCfg = Release|Any CPU
		{2E48F7D8-A203-46C8-A579-BC4F2BCCE4DD}.Release|Any CPU.Build.0 = Release|Any CPU
		{CACFB202-9F5C-4D9B-83CD-C6A11852DCB1}.Debug|Any CPU.ActiveCfg = Debug|Any CPU
		{CACFB202-9F5C-4D9B-83CD-C6A11852DCB1}.Debug|Any CPU.Build.0 = Debug|Any CPU
		{CACFB202-9F5C-4D9B-83CD-C6A11852DCB1}.Release|Any CPU.ActiveCfg = Release|Any CPU
		{CACFB202-9F5C-4D9B-83CD-C6A11852DCB1}.Release|Any CPU.Build.0 = Release|Any CPU
		{647E02C5-AB9D-4B2A-AFEE-BA1EC44FA74B}.Debug|Any CPU.ActiveCfg = Debug|Any CPU
		{647E02C5-AB9D-4B2A-AFEE-BA1EC44FA74B}.Debug|Any CPU.Build.0 = Debug|Any CPU
		{647E02C5-AB9D-4B2A-AFEE-BA1EC44FA74B}.Release|Any CPU.ActiveCfg = Release|Any CPU
		{647E02C5-AB9D-4B2A-AFEE-BA1EC44FA74B}.Release|Any CPU.Build.0 = Release|Any CPU
		{9C98BE56-46FB-482B-9FAF-EC5F18FFD06B}.Debug|Any CPU.ActiveCfg = Debug|Any CPU
		{9C98BE56-46FB-482B-9FAF-EC5F18FFD06B}.Debug|Any CPU.Build.0 = Debug|Any CPU
		{9C98BE56-46FB-482B-9FAF-EC5F18FFD06B}.Release|Any CPU.ActiveCfg = Release|Any CPU
		{9C98BE56-46FB-482B-9FAF-EC5F18FFD06B}.Release|Any CPU.Build.0 = Release|Any CPU
		{D7A49212-5B23-4AD1-975E-F454949E1C2E}.Debug|Any CPU.ActiveCfg = Debug|Any CPU
		{D7A49212-5B23-4AD1-975E-F454949E1C2E}.Debug|Any CPU.Build.0 = Debug|Any CPU
		{D7A49212-5B23-4AD1-975E-F454949E1C2E}.Release|Any CPU.ActiveCfg = Release|Any CPU
		{D7A49212-5B23-4AD1-975E-F454949E1C2E}.Release|Any CPU.Build.0 = Release|Any CPU
		{8401E61A-E4DE-4A13-B0A7-6CC0F9476901}.Debug|Any CPU.ActiveCfg = Debug|Any CPU
		{8401E61A-E4DE-4A13-B0A7-6CC0F9476901}.Debug|Any CPU.Build.0 = Debug|Any CPU
		{8401E61A-E4DE-4A13-B0A7-6CC0F9476901}.Release|Any CPU.ActiveCfg = Release|Any CPU
		{8401E61A-E4DE-4A13-B0A7-6CC0F9476901}.Release|Any CPU.Build.0 = Release|Any CPU
		{448EC1E1-E5D7-4CFE-95DE-35A1F56739AF}.Debug|Any CPU.ActiveCfg = Debug|Any CPU
		{448EC1E1-E5D7-4CFE-95DE-35A1F56739AF}.Debug|Any CPU.Build.0 = Debug|Any CPU
		{448EC1E1-E5D7-4CFE-95DE-35A1F56739AF}.Release|Any CPU.ActiveCfg = Release|Any CPU
		{448EC1E1-E5D7-4CFE-95DE-35A1F56739AF}.Release|Any CPU.Build.0 = Release|Any CPU
		{7E680A28-500C-4777-A6FC-679CF0C7BFA8}.Debug|Any CPU.ActiveCfg = Debug|Any CPU
		{7E680A28-500C-4777-A6FC-679CF0C7BFA8}.Debug|Any CPU.Build.0 = Debug|Any CPU
		{7E680A28-500C-4777-A6FC-679CF0C7BFA8}.Release|Any CPU.ActiveCfg = Release|Any CPU
		{7E680A28-500C-4777-A6FC-679CF0C7BFA8}.Release|Any CPU.Build.0 = Release|Any CPU
		{4AA69CE6-1DC7-4C33-8998-7858F3FBCF78}.Debug|Any CPU.ActiveCfg = Debug|Any CPU
		{4AA69CE6-1DC7-4C33-8998-7858F3FBCF78}.Debug|Any CPU.Build.0 = Debug|Any CPU
		{4AA69CE6-1DC7-4C33-8998-7858F3FBCF78}.Release|Any CPU.ActiveCfg = Release|Any CPU
		{4AA69CE6-1DC7-4C33-8998-7858F3FBCF78}.Release|Any CPU.Build.0 = Release|Any CPU
		{0F7CC6A0-7B0A-41F4-BC18-1B51DE507F8D}.Debug|Any CPU.ActiveCfg = Debug|Any CPU
		{0F7CC6A0-7B0A-41F4-BC18-1B51DE507F8D}.Debug|Any CPU.Build.0 = Debug|Any CPU
		{0F7CC6A0-7B0A-41F4-BC18-1B51DE507F8D}.Release|Any CPU.ActiveCfg = Release|Any CPU
		{0F7CC6A0-7B0A-41F4-BC18-1B51DE507F8D}.Release|Any CPU.Build.0 = Release|Any CPU
		{4E10D265-42E0-4151-97A4-AEEFB8FFF313}.Debug|Any CPU.ActiveCfg = Debug|Any CPU
		{4E10D265-42E0-4151-97A4-AEEFB8FFF313}.Debug|Any CPU.Build.0 = Debug|Any CPU
		{4E10D265-42E0-4151-97A4-AEEFB8FFF313}.Release|Any CPU.ActiveCfg = Release|Any CPU
		{4E10D265-42E0-4151-97A4-AEEFB8FFF313}.Release|Any CPU.Build.0 = Release|Any CPU
		{24F00E24-506E-42A8-91A8-A33FEE3827A8}.Debug|Any CPU.ActiveCfg = Debug|Any CPU
		{24F00E24-506E-42A8-91A8-A33FEE3827A8}.Debug|Any CPU.Build.0 = Debug|Any CPU
		{24F00E24-506E-42A8-91A8-A33FEE3827A8}.Release|Any CPU.ActiveCfg = Release|Any CPU
		{24F00E24-506E-42A8-91A8-A33FEE3827A8}.Release|Any CPU.Build.0 = Release|Any CPU
	EndGlobalSection
	GlobalSection(SolutionProperties) = preSolution
		HideSolutionNode = FALSE
	EndGlobalSection
	GlobalSection(ExtensibilityGlobals) = postSolution
		SolutionGuid = {E2041AD1-E746-416B-9C4F-3B87840879D3}
	EndGlobalSection
EndGlobal
