
Microsoft Visual Studio Solution File, Format Version 12.00
# Visual Studio Version 17
VisualStudioVersion = 17.8.34212.112
MinimumVisualStudioVersion = 10.0.40219.1
Project("{9A19103F-16F7-4668-BE54-9A1E7A4F7556}") = "1.1.10 Sequential (Exercise 10)", "1.1.10 Sequential (Exercise 10)\1.1.10 Sequential (Exercise 10).csproj", "{9C98BE56-46FB-482B-9FAF-EC5F18FFD06B}"
EndProject
Project("{9A19103F-16F7-4668-BE54-9A1E7A4F7556}") = "1.1.11 Sequential (Exercise 11)", "1.1.11 Sequential (Exercise 11)\1.1.11 Sequential (Exercise 11).csproj", "{D7A49212-5B23-4AD1-975E-F454949E1C2E}"
EndProject
Project("{9A19103F-16F7-4668-BE54-9A1E7A4F7556}") = "1.1.12 Sequential (Exercise 12)", "1.1.12 Sequential (Exercise 12)\1.1.12 Sequential (Exercise 12).csproj", "{4AA69CE6-1DC7-4C33-8998-7858F3FBCF78}"
EndProject
Project("{9A19103F-16F7-4668-BE54-9A1E7A4F7556}") = "1.1.15 Sequential (Exercise 15)", "1.1.15 Sequential (Exercise 15)\1.1.15 Sequential (Exercise 15).csproj", "{0F7CC6A0-7B0A-41F4-BC18-1B51DE507F8D}"
EndProject
Project("{9A19103F-16F7-4668-BE54-9A1E7A4F7556}") = "1.1.16 Sequential (Exercise 16)", "1.1.16 Sequential (Exercise 16)\1.1.16 Sequential (Exercise 16).csproj", "{4E10D265-42E0-4151-97A4-AEEFB8FFF313}"
EndProject
Project("{9A19103F-16F7-4668-BE54-9A1E7A4F7556}") = "1.1.14 Sequential (Exercise 14)", "1.1.14 Sequential (Exercise 14)\1.1.14 Sequential (Exercise 14).csproj", "{24F00E24-506E-42A8-91A8-A33FEE3827A8}"
EndProject
Project("{9A19103F-16F7-4668-BE54-9A1E7A4F7556}") = "1.1.13 Sequential (Exercise 13)", "1.1.13 Sequential (Exercise 13)\1.1.13 Sequential (Exercise 13).csproj", "{35191F71-441B-4EB3-8197-0C1AF2893C28}"
EndProject
Project("{9A19103F-16F7-4668-BE54-9A1E7A4F7556}") = "1.1.01 Sequential (Exercise 01)", "1.1.01 Sequential (Exercise 01)\1.1.01 Sequential (Exercise 01).csproj", "{A6021583-2FD6-4C47-A0BF-2F3E7EBF5F42}"
EndProject
Project("{9A19103F-16F7-4668-BE54-9A1E7A4F7556}") = "1.1.02 Sequential (Exercise 02)", "1.1.02 Sequential (Exercise 02)\1.1.02 Sequential (Exercise 02).csproj", "{FEEE5E97-7D9E-46B4-AE48-B1188624D404}"
EndProject
Project("{9A19103F-16F7-4668-BE54-9A1E7A4F7556}") = "1.1.03 Sequential (Exercise 03)", "1.1.03 Sequential (Exercise 03)\1.1.03 Sequential (Exercise 03).csproj", "{2BDED56F-C758-47DC-8443-5EF04B6E5C8E}"
EndProject
Project("{9A19103F-16F7-4668-BE54-9A1E7A4F7556}") = "1.1.04 Sequential (Exercise 04)", "1.1.04 Sequential (Exercise 04)\1.1.04 Sequential (Exercise 04).csproj", "{5EEE7D72-A4D6-4C52-804D-EF894A6899B4}"
EndProject
Project("{9A19103F-16F7-4668-BE54-9A1E7A4F7556}") = "1.1.05 Sequential (Exercise 05)", "1.1.05 Sequential (Exercise 05)\1.1.05 Sequential (Exercise 05).csproj", "{9D9F9D73-8C2E-4D07-98F9-A73D53D6E9C2}"
EndProject
Project("{9A19103F-16F7-4668-BE54-9A1E7A4F7556}") = "1.1.06 Sequential (Exercise 06)", "1.1.06 Sequential (Exercise 06)\1.1.06 Sequential (Exercise 06).csproj", "{B368D859-49DF-4471-A29C-73C3718C276E}"
EndProject
Project("{9A19103F-16F7-4668-BE54-9A1E7A4F7556}") = "1.1.07 Sequential (Exercise 07)", "1.1.07 Sequential (Exercise 07)\1.1.07 Sequential (Exercise 07).csproj", "{58D884D4-D3AF-4195-A622-1BFAD0B88BC1}"
EndProject
Project("{9A19103F-16F7-4668-BE54-9A1E7A4F7556}") = "1.1.08 Sequential (Exercise 08)", "1.1.08 Sequential (Exercise 08)\1.1.08 Sequential (Exercise 08).csproj", "{F3FE8680-246A-44D4-8053-7CCDB0700BFD}"
EndProject
Project("{9A19103F-16F7-4668-BE54-9A1E7A4F7556}") = "1.1.09 Sequential (Exercise 09)", "1.1.09 Sequential (Exercise 09)\1.1.09 Sequential (Exercise 09).csproj", "{3F9CA44A-384D-45B5-B085-0BAB36420D3A}"
EndProject
Project("{9A19103F-16F7-4668-BE54-9A1E7A4F7556}") = "2.1.01 If Condition (Exercise 01)", "2.1.01 If Condition (Exercise 01)\2.1.01 If Condition (Exercise 01).csproj", "{125B3E52-3084-487A-8166-DE79BD29D8DA}"
EndProject
Project("{9A19103F-16F7-4668-BE54-9A1E7A4F7556}") = "2.1.02 If Condition (Exercise 02)", "2.1.02 If Condition (Exercise 02)\2.1.02 If Condition (Exercise 02).csproj", "{35A06735-7CBE-4196-8E56-BB415BE42994}"
EndProject
Project("{9A19103F-16F7-4668-BE54-9A1E7A4F7556}") = "2.1.03 If Condition (Exercise 03)", "2.1.03 If Condition (Exercise 03)\2.1.03 If Condition (Exercise 03).csproj", "{9BAADB0A-3E2F-43CA-8C1C-D0D2D5551DF7}"
EndProject
Project("{9A19103F-16F7-4668-BE54-9A1E7A4F7556}") = "2.1.04 If Condition (Exercise 04)", "2.1.04 If Condition (Exercise 04)\2.1.04 If Condition (Exercise 04).csproj", "{0BC63041-8266-4A5A-BEF4-AC756C095812}"
EndProject
Project("{9A19103F-16F7-4668-BE54-9A1E7A4F7556}") = "2.1.05 If Condition (Exercise 05)", "2.1.05 If Condition (Exercise 05)\2.1.05 If Condition (Exercise 05).csproj", "{2DDDEA0A-5F3D-4723-A42D-E0CF02CDFC8D}"
EndProject
Project("{9A19103F-16F7-4668-BE54-9A1E7A4F7556}") = "2.1.06 If Condition (Exercise 06)", "2.1.06 If Condition (Exercise 06)\2.1.06 If Condition (Exercise 06).csproj", "{01415AEF-4255-4CB3-AD44-B5F51FD1B1B7}"
EndProject
Project("{9A19103F-16F7-4668-BE54-9A1E7A4F7556}") = "2.1.07 If Condition (Exercise 07)", "2.1.07 If Condition (Exercise 07)\2.1.07 If Condition (Exercise 07).csproj", "{0B16A038-987F-4E04-ABC0-D3436BCBBA77}"
EndProject
Project("{9A19103F-16F7-4668-BE54-9A1E7A4F7556}") = "2.1.08 If Condition (Exercise 08)", "2.1.08 If Condition (Exercise 08)\2.1.08 If Condition (Exercise 08).csproj", "{CB8DFD06-CDB9-4BB1-A463-996BACDC1B0D}"
EndProject
Project("{9A19103F-16F7-4668-BE54-9A1E7A4F7556}") = "2.1.09 If Condition (Exercise 09)", "2.1.09 If Condition (Exercise 09)\2.1.09 If Condition (Exercise 09).csproj", "{D6E66D54-E7C8-43D3-A84C-4ED6B8F168B1}"
EndProject
Project("{9A19103F-16F7-4668-BE54-9A1E7A4F7556}") = "5.2.1.1.01 Multidimensional Array (Exercise 1)", "5.2.1.1.01 Multidimensional Array (Exercise 1)\5.2.1.1.01 Multidimensional Array (Exercise 1).csproj", "{161F7236-AC53-4A54-A9C4-DC9B054214A0}"
EndProject
Project("{9A19103F-16F7-4668-BE54-9A1E7A4F7556}") = "5.2.1.1.02 Multidimensional Array (Exercise 2)", "5.2.1.1.02 Multidimensional Array (Exercise 2)\5.2.1.1.02 Multidimensional Array (Exercise 2).csproj", "{ED62AE1F-CD06-492C-B71D-63F2F8338B60}"
EndProject
Project("{9A19103F-16F7-4668-BE54-9A1E7A4F7556}") = "5.2.1.1.03 Multidimensional Array (Exercise 3)", "5.2.1.1.03 Multidimensional Array (Exercise 3)\5.2.1.1.03 Multidimensional Array (Exercise 3).csproj", "{C1471DB7-5F6C-4D61-818C-150D1DCA97C5}"
EndProject
Project("{9A19103F-16F7-4668-BE54-9A1E7A4F7556}") = "5.2.1.1.04 Multidimensional Array (Exercise 4)", "5.2.1.1.04 Multidimensional Array (Exercise 4)\5.2.1.1.04 Multidimensional Array (Exercise 4).csproj", "{329CD26E-C8A1-4AAB-9508-1EEE5970E8AD}"
EndProject
Project("{9A19103F-16F7-4668-BE54-9A1E7A4F7556}") = "5.2.1.1.05 Multidimensional Array (Exercise 5)", "5.2.1.1.05 Multidimensional Array (Exercise 5)\5.2.1.1.05 Multidimensional Array (Exercise 5).csproj", "{61F8D6D7-32AB-47E8-9951-0067B4447A4D}"
EndProject
Project("{9A19103F-16F7-4668-BE54-9A1E7A4F7556}") = "5.2.1.1.06 Multidimensional Array (Exercise 6)", "5.2.1.1.06 Multidimensional Array (Exercise 6)\5.2.1.1.06 Multidimensional Array (Exercise 6).csproj", "{DA6F291D-4CED-4AAF-9689-6AE4BA9BB44D}"
EndProject
Project("{9A19103F-16F7-4668-BE54-9A1E7A4F7556}") = "5.2.1.1.08 Multidimensional Array (Exercise 8)", "5.2.1.1.08 Multidimensional Array (Exercise 8)\5.2.1.1.08 Multidimensional Array (Exercise 8).csproj", "{FE979F30-5842-485D-A435-CCB651C4CEC6}"
EndProject
Project("{9A19103F-16F7-4668-BE54-9A1E7A4F7556}") = "5.2.1.1.07 Multidimensional Array (Exercise 7)", "5.2.1.1.07 Multidimensional Array (Exercise 7)\5.2.1.1.07 Multidimensional Array (Exercise 7).csproj", "{A521C839-95F4-4E46-AF3F-333C3F275804}"
EndProject
Project("{9A19103F-16F7-4668-BE54-9A1E7A4F7556}") = "5.2.1.1.11 Multidimensional Array (Exercise 11)", "5.2.1.1.11 Multidimensional Array (Exercise 11)\5.2.1.1.11 Multidimensional Array (Exercise 11).csproj", "{8F1F1869-FA55-42B9-BE1D-4C02BE315430}"
EndProject
Project("{9A19103F-16F7-4668-BE54-9A1E7A4F7556}") = "SinNombre", "SinNombre\SinNombre.csproj", "{32DA8728-D81C-41C2-AA24-7B7A28D05700}"
EndProject
Project("{9A19103F-16F7-4668-BE54-9A1E7A4F7556}") = "9.0.01 Star Patterns Programs", "9.0.01 Star Patterns Programs\9.0.01 Star Patterns Programs.csproj", "{DE7BDA39-6C62-4BAE-95D3-4B19A853B094}"
EndProject
Project("{9A19103F-16F7-4668-BE54-9A1E7A4F7556}") = "9.0.02 Star Patterns Programs", "9.0.02 Star Patterns Programs\9.0.02 Star Patterns Programs.csproj", "{00830158-2B67-4B2C-9444-2D7F91F0BAF5}"
EndProject
Project("{9A19103F-16F7-4668-BE54-9A1E7A4F7556}") = "3.2.3.1 While Loops (Exercise 01)", "3.2.3.1 While Loops (Exercise 01)\3.2.3.1 While Loops (Exercise 01).csproj", "{837E7488-8122-4973-9F18-D843295B9475}"
EndProject
Project("{9A19103F-16F7-4668-BE54-9A1E7A4F7556}") = "9.1.01 Star Patterns Programs", "9.1.01 Star Patterns Programs\9.1.01 Star Patterns Programs.csproj", "{169EACA8-B93B-446F-88D5-21588FE3215F}"
EndProject
Project("{9A19103F-16F7-4668-BE54-9A1E7A4F7556}") = "9.1.02 Star Patterns Programs", "9.1.02 Star Patterns Programs\9.1.02 Star Patterns Programs.csproj", "{50408F22-6066-43D2-938E-8168C7BE5DDC}"
EndProject
Project("{9A19103F-16F7-4668-BE54-9A1E7A4F7556}") = "2.1.10 If Condition (Exercise 10)", "2.1.10 If Condition (Exercise 10)\2.1.10 If Condition (Exercise 10).csproj", "{D080AF22-0AF4-4044-9268-83B3B7B1FEF4}"
EndProject
Project("{9A19103F-16F7-4668-BE54-9A1E7A4F7556}") = "2.1.11 If Condition (Exercise 11)", "2.1.11 If Condition (Exercise 11)\2.1.11 If Condition (Exercise 11).csproj", "{8877941A-A16F-4BF8-B1FF-64CC2EEC25AB}"
EndProject
Project("{9A19103F-16F7-4668-BE54-9A1E7A4F7556}") = "2.1.12 If Condition (Exercise 12)", "2.1.12 If Condition (Exercise 12)\2.1.12 If Condition (Exercise 12).csproj", "{536410EF-D286-4978-9939-1493CCE562BB}"
EndProject
Project("{9A19103F-16F7-4668-BE54-9A1E7A4F7556}") = "2.1.13 If Condition (Exercise 13)", "2.1.13 If Condition (Exercise 13)\2.1.13 If Condition (Exercise 13).csproj", "{92BDD5C5-D0C5-4ED8-B0D1-C48575AB8076}"
EndProject
Project("{9A19103F-16F7-4668-BE54-9A1E7A4F7556}") = "3.1.10 For Loops (Exercise 10)", "3.1.10 For Loops (Exercise 10)\3.1.10 For Loops (Exercise 10).csproj", "{4A81A0FD-AC06-409C-B04C-527AC2978198}"
EndProject
Project("{9A19103F-16F7-4668-BE54-9A1E7A4F7556}") = "3.1.01 For Loops (Exercise 01)", "3.1.01 For Loops (Exercise 01)\3.1.01 For Loops (Exercise 01).csproj", "{D819EA1B-55DA-4770-B936-D6A13794D2E2}"
EndProject
Project("{9A19103F-16F7-4668-BE54-9A1E7A4F7556}") = "3.1.02 For Loops (Exercise 02)", "3.1.02 For Loops (Exercise 02)\3.1.02 For Loops (Exercise 02).csproj", "{DB2B5235-55F7-47DE-A87A-0E2198849D06}"
EndProject
Project("{9A19103F-16F7-4668-BE54-9A1E7A4F7556}") = "3.1.03 For Loops (Exercise 03)", "3.1.03 For Loops (Exercise 03)\3.1.03 For Loops (Exercise 03).csproj", "{D10656A5-37B7-4BC2-B7EE-257C3E523B91}"
EndProject
Project("{9A19103F-16F7-4668-BE54-9A1E7A4F7556}") = "3.1.04 For Loops (Exercise 04)", "3.1.04 For Loops (Exercise 04)\3.1.04 For Loops (Exercise 04).csproj", "{1059FCEE-70FA-43A3-AD4C-70AFE066851B}"
EndProject
Project("{9A19103F-16F7-4668-BE54-9A1E7A4F7556}") = "3.1.05 For Loops (Exercise 05)", "3.1.05 For Loops (Exercise 05)\3.1.05 For Loops (Exercise 05).csproj", "{6DB49D36-45B0-4B5A-BF3A-3C8D8B921D44}"
EndProject
Project("{9A19103F-16F7-4668-BE54-9A1E7A4F7556}") = "3.1.06 For Loops (Exercise 06)", "3.1.06 For Loops (Exercise 06)\3.1.06 For Loops (Exercise 06).csproj", "{6FE91962-D3ED-4119-8806-40A664320C5A}"
EndProject
Project("{9A19103F-16F7-4668-BE54-9A1E7A4F7556}") = "3.1.07 For Loops (Exercise 07)", "3.1.07 For Loops (Exercise 07)\3.1.07 For Loops (Exercise 07).csproj", "{ADE0EF7F-95B9-434B-9B06-DF1E53BAADFA}"
EndProject
Project("{9A19103F-16F7-4668-BE54-9A1E7A4F7556}") = "3.1.08 For Loops (Exercise 08)", "3.1.08 For Loops (Exercise 08)\3.1.08 For Loops (Exercise 08).csproj", "{5E1464D9-1DD9-4F25-82B8-47EA56064404}"
EndProject
Project("{9A19103F-16F7-4668-BE54-9A1E7A4F7556}") = "3.1.09 For Loops (Exercise 09)", "3.1.09 For Loops (Exercise 09)\3.1.09 For Loops (Exercise 09).csproj", "{B9C9EF82-DF7A-4410-9EE8-3C9D26AB1F0E}"
EndProject
Project("{9A19103F-16F7-4668-BE54-9A1E7A4F7556}") = "3.1.11.2 For Loops (Exercise 11)", "3.1.11.2 For Loops (Exercise 11)\3.1.11.2 For Loops (Exercise 11).csproj", "{C8CF5756-6B77-42D8-A48C-C7513E99312B}"
EndProject
Project("{9A19103F-16F7-4668-BE54-9A1E7A4F7556}") = "3.1.11.1 For Loops (Exercise 11)", "3.1.11.1 For Loops (Exercise 11)\3.1.11.1 For Loops (Exercise 11).csproj", "{2ED7D620-F88B-4C96-A5ED-A8DE16D3E5C3}"
EndProject
Project("{9A19103F-16F7-4668-BE54-9A1E7A4F7556}") = "3.1.12 For Loops (Exercise 12)", "3.1.12 For Loops (Exercise 12)\3.1.12 For Loops (Exercise 12).csproj", "{16FBCC22-9117-4A10-8A46-9F9BF296C723}"
EndProject
Project("{9A19103F-16F7-4668-BE54-9A1E7A4F7556}") = "3.1.13 For Loops (Exercise 13)", "3.1.13 For Loops (Exercise 13)\3.1.13 For Loops (Exercise 13).csproj", "{80876C74-4BA6-49AA-825C-5977BF48469E}"
EndProject
Project("{9A19103F-16F7-4668-BE54-9A1E7A4F7556}") = "2.1.14 If Condition (Exercise 01)", "2.1.14 If Condition (Exercise 01)\2.1.14 If Condition (Exercise 01).csproj", "{53475CF8-7D65-4E7A-A37E-6742D43928C1}"
EndProject
Project("{9A19103F-16F7-4668-BE54-9A1E7A4F7556}") = "3.1.15 For Loops (Exercise 15) (Incompleto)", "3.1.15 For Loops (Exercise 15)\3.1.15 For Loops (Exercise 15) (Incompleto).csproj", "{FBF79944-A880-4659-B742-81EA2D9E7209}"
EndProject
Project("{9A19103F-16F7-4668-BE54-9A1E7A4F7556}") = "3.1.16 For Loops (Exercise 16)", "3.1.16 For Loops (Exercise 16)\3.1.16 For Loops (Exercise 16).csproj", "{EFC5AC86-DFB5-4651-8A7E-D191A61DAE7C}"
EndProject
Project("{9A19103F-16F7-4668-BE54-9A1E7A4F7556}") = "3.1.17 For Loops (Exercise 17)", "3.1.17 For Loops (Exercise 17)\3.1.17 For Loops (Exercise 17).csproj", "{1A5A1E4B-EDFD-4157-A7C6-102EAC3E7CB4}"
EndProject
Project("{9A19103F-16F7-4668-BE54-9A1E7A4F7556}") = "3.1.18 For Loops (Exercise 18)", "3.1.18 For Loops (Exercise 18)\3.1.18 For Loops (Exercise 18).csproj", "{C149FE19-1F0B-481D-A22F-9F7A8118F20E}"
EndProject
Project("{9A19103F-16F7-4668-BE54-9A1E7A4F7556}") = "3.1.19 For Loops (Exercise 19) (Incompleto)", "3.1.19 For Loops (Exercise 19)\3.1.19 For Loops (Exercise 19) (Incompleto).csproj", "{3D17BF16-1E53-4C85-9A47-FF402797AA8A}"
EndProject
Project("{9A19103F-16F7-4668-BE54-9A1E7A4F7556}") = "3.1.20 For Loops (Exercise 20)", "3.1.20 For Loops (Exercise 20)\3.1.20 For Loops (Exercise 20).csproj", "{802D08EF-EE78-4D68-ACAC-33E3F2E6A045}"
EndProject
Project("{9A19103F-16F7-4668-BE54-9A1E7A4F7556}") = "3.1.21 For Loops (Exercise 21)", "3.1.21 For Loops (Exercise 21)\3.1.21 For Loops (Exercise 21).csproj", "{3F9F6B2E-15F9-4D28-96FE-A1A64CE8678B}"
EndProject
Project("{9A19103F-16F7-4668-BE54-9A1E7A4F7556}") = "3.1.22 For Loops (Exercise 22) (Incompleto)", "3.1.22 For Loops (Exercise 22)\3.1.22 For Loops (Exercise 22) (Incompleto).csproj", "{9279DE9C-3A6C-4FFA-A371-F179D8538612}"
EndProject
Project("{9A19103F-16F7-4668-BE54-9A1E7A4F7556}") = "3.1.23 For Loops (Exercise 23)", "3.1.23 For Loops (Exercise 23)\3.1.23 For Loops (Exercise 23).csproj", "{0A0DFDB8-6998-4015-A54D-3DEE876501A1}"
EndProject
Project("{9A19103F-16F7-4668-BE54-9A1E7A4F7556}") = "3.2.1.1 While Loops (Exercise 01)", "3.2.1.1 While Loops (Exercise 01)\3.2.1.1 While Loops (Exercise 01).csproj", "{1BEA3170-ACB0-4126-9485-FC5468AE7CAD}"
EndProject
Project("{9A19103F-16F7-4668-BE54-9A1E7A4F7556}") = "3.2.1.2 While Loops (Exercise 02)", "3.2.1.2 While Loops (Exercise 02)\3.2.1.2 While Loops (Exercise 02).csproj", "{18162EA6-A8AA-4066-8229-8099DDD71301}"
EndProject
Project("{9A19103F-16F7-4668-BE54-9A1E7A4F7556}") = "3.2.1.4 While Loops (Exercise 04)", "3.2.1.4 While Loops (Exercise 04)\3.2.1.4 While Loops (Exercise 04).csproj", "{E7AD6F09-9677-4E3B-BB1E-39FB255B3F82}"
EndProject
Project("{9A19103F-16F7-4668-BE54-9A1E7A4F7556}") = "3.2.1.3 While Loops (Exercise 03)", "3.2.1.3 While Loops (Exercise 03)\3.2.1.3 While Loops (Exercise 03).csproj", "{CE6A8F06-C14B-4168-A54C-6DC18514581F}"
EndProject
Project("{FAE04EC0-301F-11D3-BF4B-00C04F79EFBC}") = "3.2.1.5 While Loops (Exercise 05)", "3.2.1.5 While Loops (Exercise 05)\3.2.1.5 While Loops (Exercise 05).csproj", "{2BCFC849-F9AF-40B2-AA29-16E5D97FD177}"
EndProject
Global
	GlobalSection(SolutionConfigurationPlatforms) = preSolution
		Debug|Any CPU = Debug|Any CPU
		Release|Any CPU = Release|Any CPU
	EndGlobalSection
	GlobalSection(ProjectConfigurationPlatforms) = postSolution
		{9C98BE56-46FB-482B-9FAF-EC5F18FFD06B}.Debug|Any CPU.ActiveCfg = Debug|Any CPU
		{9C98BE56-46FB-482B-9FAF-EC5F18FFD06B}.Debug|Any CPU.Build.0 = Debug|Any CPU
		{9C98BE56-46FB-482B-9FAF-EC5F18FFD06B}.Release|Any CPU.ActiveCfg = Release|Any CPU
		{9C98BE56-46FB-482B-9FAF-EC5F18FFD06B}.Release|Any CPU.Build.0 = Release|Any CPU
		{D7A49212-5B23-4AD1-975E-F454949E1C2E}.Debug|Any CPU.ActiveCfg = Debug|Any CPU
		{D7A49212-5B23-4AD1-975E-F454949E1C2E}.Debug|Any CPU.Build.0 = Debug|Any CPU
		{D7A49212-5B23-4AD1-975E-F454949E1C2E}.Release|Any CPU.ActiveCfg = Release|Any CPU
		{D7A49212-5B23-4AD1-975E-F454949E1C2E}.Release|Any CPU.Build.0 = Release|Any CPU
		{4AA69CE6-1DC7-4C33-8998-7858F3FBCF78}.Debug|Any CPU.ActiveCfg = Debug|Any CPU
		{4AA69CE6-1DC7-4C33-8998-7858F3FBCF78}.Debug|Any CPU.Build.0 = Debug|Any CPU
		{4AA69CE6-1DC7-4C33-8998-7858F3FBCF78}.Release|Any CPU.ActiveCfg = Release|Any CPU
		{4AA69CE6-1DC7-4C33-8998-7858F3FBCF78}.Release|Any CPU.Build.0 = Release|Any CPU
		{0F7CC6A0-7B0A-41F4-BC18-1B51DE507F8D}.Debug|Any CPU.ActiveCfg = Debug|Any CPU
		{0F7CC6A0-7B0A-41F4-BC18-1B51DE507F8D}.Debug|Any CPU.Build.0 = Debug|Any CPU
		{0F7CC6A0-7B0A-41F4-BC18-1B51DE507F8D}.Release|Any CPU.ActiveCfg = Release|Any CPU
		{0F7CC6A0-7B0A-41F4-BC18-1B51DE507F8D}.Release|Any CPU.Build.0 = Release|Any CPU
		{4E10D265-42E0-4151-97A4-AEEFB8FFF313}.Debug|Any CPU.ActiveCfg = Debug|Any CPU
		{4E10D265-42E0-4151-97A4-AEEFB8FFF313}.Debug|Any CPU.Build.0 = Debug|Any CPU
		{4E10D265-42E0-4151-97A4-AEEFB8FFF313}.Release|Any CPU.ActiveCfg = Release|Any CPU
		{4E10D265-42E0-4151-97A4-AEEFB8FFF313}.Release|Any CPU.Build.0 = Release|Any CPU
		{24F00E24-506E-42A8-91A8-A33FEE3827A8}.Debug|Any CPU.ActiveCfg = Debug|Any CPU
		{24F00E24-506E-42A8-91A8-A33FEE3827A8}.Debug|Any CPU.Build.0 = Debug|Any CPU
		{24F00E24-506E-42A8-91A8-A33FEE3827A8}.Release|Any CPU.ActiveCfg = Release|Any CPU
		{24F00E24-506E-42A8-91A8-A33FEE3827A8}.Release|Any CPU.Build.0 = Release|Any CPU
		{35191F71-441B-4EB3-8197-0C1AF2893C28}.Debug|Any CPU.ActiveCfg = Debug|Any CPU
		{35191F71-441B-4EB3-8197-0C1AF2893C28}.Debug|Any CPU.Build.0 = Debug|Any CPU
		{35191F71-441B-4EB3-8197-0C1AF2893C28}.Release|Any CPU.ActiveCfg = Release|Any CPU
		{35191F71-441B-4EB3-8197-0C1AF2893C28}.Release|Any CPU.Build.0 = Release|Any CPU
		{A6021583-2FD6-4C47-A0BF-2F3E7EBF5F42}.Debug|Any CPU.ActiveCfg = Debug|Any CPU
		{A6021583-2FD6-4C47-A0BF-2F3E7EBF5F42}.Debug|Any CPU.Build.0 = Debug|Any CPU
		{A6021583-2FD6-4C47-A0BF-2F3E7EBF5F42}.Release|Any CPU.ActiveCfg = Release|Any CPU
		{A6021583-2FD6-4C47-A0BF-2F3E7EBF5F42}.Release|Any CPU.Build.0 = Release|Any CPU
		{FEEE5E97-7D9E-46B4-AE48-B1188624D404}.Debug|Any CPU.ActiveCfg = Debug|Any CPU
		{FEEE5E97-7D9E-46B4-AE48-B1188624D404}.Debug|Any CPU.Build.0 = Debug|Any CPU
		{FEEE5E97-7D9E-46B4-AE48-B1188624D404}.Release|Any CPU.ActiveCfg = Release|Any CPU
		{FEEE5E97-7D9E-46B4-AE48-B1188624D404}.Release|Any CPU.Build.0 = Release|Any CPU
		{2BDED56F-C758-47DC-8443-5EF04B6E5C8E}.Debug|Any CPU.ActiveCfg = Debug|Any CPU
		{2BDED56F-C758-47DC-8443-5EF04B6E5C8E}.Debug|Any CPU.Build.0 = Debug|Any CPU
		{2BDED56F-C758-47DC-8443-5EF04B6E5C8E}.Release|Any CPU.ActiveCfg = Release|Any CPU
		{2BDED56F-C758-47DC-8443-5EF04B6E5C8E}.Release|Any CPU.Build.0 = Release|Any CPU
		{5EEE7D72-A4D6-4C52-804D-EF894A6899B4}.Debug|Any CPU.ActiveCfg = Debug|Any CPU
		{5EEE7D72-A4D6-4C52-804D-EF894A6899B4}.Debug|Any CPU.Build.0 = Debug|Any CPU
		{5EEE7D72-A4D6-4C52-804D-EF894A6899B4}.Release|Any CPU.ActiveCfg = Release|Any CPU
		{5EEE7D72-A4D6-4C52-804D-EF894A6899B4}.Release|Any CPU.Build.0 = Release|Any CPU
		{9D9F9D73-8C2E-4D07-98F9-A73D53D6E9C2}.Debug|Any CPU.ActiveCfg = Debug|Any CPU
		{9D9F9D73-8C2E-4D07-98F9-A73D53D6E9C2}.Debug|Any CPU.Build.0 = Debug|Any CPU
		{9D9F9D73-8C2E-4D07-98F9-A73D53D6E9C2}.Release|Any CPU.ActiveCfg = Release|Any CPU
		{9D9F9D73-8C2E-4D07-98F9-A73D53D6E9C2}.Release|Any CPU.Build.0 = Release|Any CPU
		{B368D859-49DF-4471-A29C-73C3718C276E}.Debug|Any CPU.ActiveCfg = Debug|Any CPU
		{B368D859-49DF-4471-A29C-73C3718C276E}.Debug|Any CPU.Build.0 = Debug|Any CPU
		{B368D859-49DF-4471-A29C-73C3718C276E}.Release|Any CPU.ActiveCfg = Release|Any CPU
		{B368D859-49DF-4471-A29C-73C3718C276E}.Release|Any CPU.Build.0 = Release|Any CPU
		{58D884D4-D3AF-4195-A622-1BFAD0B88BC1}.Debug|Any CPU.ActiveCfg = Debug|Any CPU
		{58D884D4-D3AF-4195-A622-1BFAD0B88BC1}.Debug|Any CPU.Build.0 = Debug|Any CPU
		{58D884D4-D3AF-4195-A622-1BFAD0B88BC1}.Release|Any CPU.ActiveCfg = Release|Any CPU
		{58D884D4-D3AF-4195-A622-1BFAD0B88BC1}.Release|Any CPU.Build.0 = Release|Any CPU
		{F3FE8680-246A-44D4-8053-7CCDB0700BFD}.Debug|Any CPU.ActiveCfg = Debug|Any CPU
		{F3FE8680-246A-44D4-8053-7CCDB0700BFD}.Debug|Any CPU.Build.0 = Debug|Any CPU
		{F3FE8680-246A-44D4-8053-7CCDB0700BFD}.Release|Any CPU.ActiveCfg = Release|Any CPU
		{F3FE8680-246A-44D4-8053-7CCDB0700BFD}.Release|Any CPU.Build.0 = Release|Any CPU
		{3F9CA44A-384D-45B5-B085-0BAB36420D3A}.Debug|Any CPU.ActiveCfg = Debug|Any CPU
		{3F9CA44A-384D-45B5-B085-0BAB36420D3A}.Debug|Any CPU.Build.0 = Debug|Any CPU
		{3F9CA44A-384D-45B5-B085-0BAB36420D3A}.Release|Any CPU.ActiveCfg = Release|Any CPU
		{3F9CA44A-384D-45B5-B085-0BAB36420D3A}.Release|Any CPU.Build.0 = Release|Any CPU
		{125B3E52-3084-487A-8166-DE79BD29D8DA}.Debug|Any CPU.ActiveCfg = Debug|Any CPU
		{125B3E52-3084-487A-8166-DE79BD29D8DA}.Debug|Any CPU.Build.0 = Debug|Any CPU
		{125B3E52-3084-487A-8166-DE79BD29D8DA}.Release|Any CPU.ActiveCfg = Release|Any CPU
		{125B3E52-3084-487A-8166-DE79BD29D8DA}.Release|Any CPU.Build.0 = Release|Any CPU
		{35A06735-7CBE-4196-8E56-BB415BE42994}.Debug|Any CPU.ActiveCfg = Debug|Any CPU
		{35A06735-7CBE-4196-8E56-BB415BE42994}.Debug|Any CPU.Build.0 = Debug|Any CPU
		{35A06735-7CBE-4196-8E56-BB415BE42994}.Release|Any CPU.ActiveCfg = Release|Any CPU
		{35A06735-7CBE-4196-8E56-BB415BE42994}.Release|Any CPU.Build.0 = Release|Any CPU
		{9BAADB0A-3E2F-43CA-8C1C-D0D2D5551DF7}.Debug|Any CPU.ActiveCfg = Debug|Any CPU
		{9BAADB0A-3E2F-43CA-8C1C-D0D2D5551DF7}.Debug|Any CPU.Build.0 = Debug|Any CPU
		{9BAADB0A-3E2F-43CA-8C1C-D0D2D5551DF7}.Release|Any CPU.ActiveCfg = Release|Any CPU
		{9BAADB0A-3E2F-43CA-8C1C-D0D2D5551DF7}.Release|Any CPU.Build.0 = Release|Any CPU
		{0BC63041-8266-4A5A-BEF4-AC756C095812}.Debug|Any CPU.ActiveCfg = Debug|Any CPU
		{0BC63041-8266-4A5A-BEF4-AC756C095812}.Debug|Any CPU.Build.0 = Debug|Any CPU
		{0BC63041-8266-4A5A-BEF4-AC756C095812}.Release|Any CPU.ActiveCfg = Release|Any CPU
		{0BC63041-8266-4A5A-BEF4-AC756C095812}.Release|Any CPU.Build.0 = Release|Any CPU
		{2DDDEA0A-5F3D-4723-A42D-E0CF02CDFC8D}.Debug|Any CPU.ActiveCfg = Debug|Any CPU
		{2DDDEA0A-5F3D-4723-A42D-E0CF02CDFC8D}.Debug|Any CPU.Build.0 = Debug|Any CPU
		{2DDDEA0A-5F3D-4723-A42D-E0CF02CDFC8D}.Release|Any CPU.ActiveCfg = Release|Any CPU
		{2DDDEA0A-5F3D-4723-A42D-E0CF02CDFC8D}.Release|Any CPU.Build.0 = Release|Any CPU
		{01415AEF-4255-4CB3-AD44-B5F51FD1B1B7}.Debug|Any CPU.ActiveCfg = Debug|Any CPU
		{01415AEF-4255-4CB3-AD44-B5F51FD1B1B7}.Debug|Any CPU.Build.0 = Debug|Any CPU
		{01415AEF-4255-4CB3-AD44-B5F51FD1B1B7}.Release|Any CPU.ActiveCfg = Release|Any CPU
		{01415AEF-4255-4CB3-AD44-B5F51FD1B1B7}.Release|Any CPU.Build.0 = Release|Any CPU
		{0B16A038-987F-4E04-ABC0-D3436BCBBA77}.Debug|Any CPU.ActiveCfg = Debug|Any CPU
		{0B16A038-987F-4E04-ABC0-D3436BCBBA77}.Debug|Any CPU.Build.0 = Debug|Any CPU
		{0B16A038-987F-4E04-ABC0-D3436BCBBA77}.Release|Any CPU.ActiveCfg = Release|Any CPU
		{0B16A038-987F-4E04-ABC0-D3436BCBBA77}.Release|Any CPU.Build.0 = Release|Any CPU
		{CB8DFD06-CDB9-4BB1-A463-996BACDC1B0D}.Debug|Any CPU.ActiveCfg = Debug|Any CPU
		{CB8DFD06-CDB9-4BB1-A463-996BACDC1B0D}.Debug|Any CPU.Build.0 = Debug|Any CPU
		{CB8DFD06-CDB9-4BB1-A463-996BACDC1B0D}.Release|Any CPU.ActiveCfg = Release|Any CPU
		{CB8DFD06-CDB9-4BB1-A463-996BACDC1B0D}.Release|Any CPU.Build.0 = Release|Any CPU
		{D6E66D54-E7C8-43D3-A84C-4ED6B8F168B1}.Debug|Any CPU.ActiveCfg = Debug|Any CPU
		{D6E66D54-E7C8-43D3-A84C-4ED6B8F168B1}.Debug|Any CPU.Build.0 = Debug|Any CPU
		{D6E66D54-E7C8-43D3-A84C-4ED6B8F168B1}.Release|Any CPU.ActiveCfg = Release|Any CPU
		{D6E66D54-E7C8-43D3-A84C-4ED6B8F168B1}.Release|Any CPU.Build.0 = Release|Any CPU
		{161F7236-AC53-4A54-A9C4-DC9B054214A0}.Debug|Any CPU.ActiveCfg = Debug|Any CPU
		{161F7236-AC53-4A54-A9C4-DC9B054214A0}.Debug|Any CPU.Build.0 = Debug|Any CPU
		{161F7236-AC53-4A54-A9C4-DC9B054214A0}.Release|Any CPU.ActiveCfg = Release|Any CPU
		{161F7236-AC53-4A54-A9C4-DC9B054214A0}.Release|Any CPU.Build.0 = Release|Any CPU
		{ED62AE1F-CD06-492C-B71D-63F2F8338B60}.Debug|Any CPU.ActiveCfg = Debug|Any CPU
		{ED62AE1F-CD06-492C-B71D-63F2F8338B60}.Debug|Any CPU.Build.0 = Debug|Any CPU
		{ED62AE1F-CD06-492C-B71D-63F2F8338B60}.Release|Any CPU.ActiveCfg = Release|Any CPU
		{ED62AE1F-CD06-492C-B71D-63F2F8338B60}.Release|Any CPU.Build.0 = Release|Any CPU
		{C1471DB7-5F6C-4D61-818C-150D1DCA97C5}.Debug|Any CPU.ActiveCfg = Debug|Any CPU
		{C1471DB7-5F6C-4D61-818C-150D1DCA97C5}.Debug|Any CPU.Build.0 = Debug|Any CPU
		{C1471DB7-5F6C-4D61-818C-150D1DCA97C5}.Release|Any CPU.ActiveCfg = Release|Any CPU
		{C1471DB7-5F6C-4D61-818C-150D1DCA97C5}.Release|Any CPU.Build.0 = Release|Any CPU
		{329CD26E-C8A1-4AAB-9508-1EEE5970E8AD}.Debug|Any CPU.ActiveCfg = Debug|Any CPU
		{329CD26E-C8A1-4AAB-9508-1EEE5970E8AD}.Debug|Any CPU.Build.0 = Debug|Any CPU
		{329CD26E-C8A1-4AAB-9508-1EEE5970E8AD}.Release|Any CPU.ActiveCfg = Release|Any CPU
		{329CD26E-C8A1-4AAB-9508-1EEE5970E8AD}.Release|Any CPU.Build.0 = Release|Any CPU
		{61F8D6D7-32AB-47E8-9951-0067B4447A4D}.Debug|Any CPU.ActiveCfg = Debug|Any CPU
		{61F8D6D7-32AB-47E8-9951-0067B4447A4D}.Debug|Any CPU.Build.0 = Debug|Any CPU
		{61F8D6D7-32AB-47E8-9951-0067B4447A4D}.Release|Any CPU.ActiveCfg = Release|Any CPU
		{61F8D6D7-32AB-47E8-9951-0067B4447A4D}.Release|Any CPU.Build.0 = Release|Any CPU
		{DA6F291D-4CED-4AAF-9689-6AE4BA9BB44D}.Debug|Any CPU.ActiveCfg = Debug|Any CPU
		{DA6F291D-4CED-4AAF-9689-6AE4BA9BB44D}.Debug|Any CPU.Build.0 = Debug|Any CPU
		{DA6F291D-4CED-4AAF-9689-6AE4BA9BB44D}.Release|Any CPU.ActiveCfg = Release|Any CPU
		{DA6F291D-4CED-4AAF-9689-6AE4BA9BB44D}.Release|Any CPU.Build.0 = Release|Any CPU
		{FE979F30-5842-485D-A435-CCB651C4CEC6}.Debug|Any CPU.ActiveCfg = Debug|Any CPU
		{FE979F30-5842-485D-A435-CCB651C4CEC6}.Debug|Any CPU.Build.0 = Debug|Any CPU
		{FE979F30-5842-485D-A435-CCB651C4CEC6}.Release|Any CPU.ActiveCfg = Release|Any CPU
		{FE979F30-5842-485D-A435-CCB651C4CEC6}.Release|Any CPU.Build.0 = Release|Any CPU
		{A521C839-95F4-4E46-AF3F-333C3F275804}.Debug|Any CPU.ActiveCfg = Debug|Any CPU
		{A521C839-95F4-4E46-AF3F-333C3F275804}.Debug|Any CPU.Build.0 = Debug|Any CPU
		{A521C839-95F4-4E46-AF3F-333C3F275804}.Release|Any CPU.ActiveCfg = Release|Any CPU
		{A521C839-95F4-4E46-AF3F-333C3F275804}.Release|Any CPU.Build.0 = Release|Any CPU
		{8F1F1869-FA55-42B9-BE1D-4C02BE315430}.Debug|Any CPU.ActiveCfg = Debug|Any CPU
		{8F1F1869-FA55-42B9-BE1D-4C02BE315430}.Debug|Any CPU.Build.0 = Debug|Any CPU
		{8F1F1869-FA55-42B9-BE1D-4C02BE315430}.Release|Any CPU.ActiveCfg = Release|Any CPU
		{8F1F1869-FA55-42B9-BE1D-4C02BE315430}.Release|Any CPU.Build.0 = Release|Any CPU
		{32DA8728-D81C-41C2-AA24-7B7A28D05700}.Debug|Any CPU.ActiveCfg = Debug|Any CPU
		{32DA8728-D81C-41C2-AA24-7B7A28D05700}.Debug|Any CPU.Build.0 = Debug|Any CPU
		{32DA8728-D81C-41C2-AA24-7B7A28D05700}.Release|Any CPU.ActiveCfg = Release|Any CPU
		{32DA8728-D81C-41C2-AA24-7B7A28D05700}.Release|Any CPU.Build.0 = Release|Any CPU
		{DE7BDA39-6C62-4BAE-95D3-4B19A853B094}.Debug|Any CPU.ActiveCfg = Debug|Any CPU
		{DE7BDA39-6C62-4BAE-95D3-4B19A853B094}.Debug|Any CPU.Build.0 = Debug|Any CPU
		{DE7BDA39-6C62-4BAE-95D3-4B19A853B094}.Release|Any CPU.ActiveCfg = Release|Any CPU
		{DE7BDA39-6C62-4BAE-95D3-4B19A853B094}.Release|Any CPU.Build.0 = Release|Any CPU
		{00830158-2B67-4B2C-9444-2D7F91F0BAF5}.Debug|Any CPU.ActiveCfg = Debug|Any CPU
		{00830158-2B67-4B2C-9444-2D7F91F0BAF5}.Debug|Any CPU.Build.0 = Debug|Any CPU
		{00830158-2B67-4B2C-9444-2D7F91F0BAF5}.Release|Any CPU.ActiveCfg = Release|Any CPU
		{00830158-2B67-4B2C-9444-2D7F91F0BAF5}.Release|Any CPU.Build.0 = Release|Any CPU
		{837E7488-8122-4973-9F18-D843295B9475}.Debug|Any CPU.ActiveCfg = Debug|Any CPU
		{837E7488-8122-4973-9F18-D843295B9475}.Debug|Any CPU.Build.0 = Debug|Any CPU
		{837E7488-8122-4973-9F18-D843295B9475}.Release|Any CPU.ActiveCfg = Release|Any CPU
		{837E7488-8122-4973-9F18-D843295B9475}.Release|Any CPU.Build.0 = Release|Any CPU
		{169EACA8-B93B-446F-88D5-21588FE3215F}.Debug|Any CPU.ActiveCfg = Debug|Any CPU
		{169EACA8-B93B-446F-88D5-21588FE3215F}.Debug|Any CPU.Build.0 = Debug|Any CPU
		{169EACA8-B93B-446F-88D5-21588FE3215F}.Release|Any CPU.ActiveCfg = Release|Any CPU
		{169EACA8-B93B-446F-88D5-21588FE3215F}.Release|Any CPU.Build.0 = Release|Any CPU
		{50408F22-6066-43D2-938E-8168C7BE5DDC}.Debug|Any CPU.ActiveCfg = Debug|Any CPU
		{50408F22-6066-43D2-938E-8168C7BE5DDC}.Debug|Any CPU.Build.0 = Debug|Any CPU
		{50408F22-6066-43D2-938E-8168C7BE5DDC}.Release|Any CPU.ActiveCfg = Release|Any CPU
		{50408F22-6066-43D2-938E-8168C7BE5DDC}.Release|Any CPU.Build.0 = Release|Any CPU
		{D080AF22-0AF4-4044-9268-83B3B7B1FEF4}.Debug|Any CPU.ActiveCfg = Debug|Any CPU
		{D080AF22-0AF4-4044-9268-83B3B7B1FEF4}.Debug|Any CPU.Build.0 = Debug|Any CPU
		{D080AF22-0AF4-4044-9268-83B3B7B1FEF4}.Release|Any CPU.ActiveCfg = Release|Any CPU
		{D080AF22-0AF4-4044-9268-83B3B7B1FEF4}.Release|Any CPU.Build.0 = Release|Any CPU
		{8877941A-A16F-4BF8-B1FF-64CC2EEC25AB}.Debug|Any CPU.ActiveCfg = Debug|Any CPU
		{8877941A-A16F-4BF8-B1FF-64CC2EEC25AB}.Debug|Any CPU.Build.0 = Debug|Any CPU
		{8877941A-A16F-4BF8-B1FF-64CC2EEC25AB}.Release|Any CPU.ActiveCfg = Release|Any CPU
		{8877941A-A16F-4BF8-B1FF-64CC2EEC25AB}.Release|Any CPU.Build.0 = Release|Any CPU
		{536410EF-D286-4978-9939-1493CCE562BB}.Debug|Any CPU.ActiveCfg = Debug|Any CPU
		{536410EF-D286-4978-9939-1493CCE562BB}.Debug|Any CPU.Build.0 = Debug|Any CPU
		{536410EF-D286-4978-9939-1493CCE562BB}.Release|Any CPU.ActiveCfg = Release|Any CPU
		{536410EF-D286-4978-9939-1493CCE562BB}.Release|Any CPU.Build.0 = Release|Any CPU
		{92BDD5C5-D0C5-4ED8-B0D1-C48575AB8076}.Debug|Any CPU.ActiveCfg = Debug|Any CPU
		{92BDD5C5-D0C5-4ED8-B0D1-C48575AB8076}.Debug|Any CPU.Build.0 = Debug|Any CPU
		{92BDD5C5-D0C5-4ED8-B0D1-C48575AB8076}.Release|Any CPU.ActiveCfg = Release|Any CPU
		{92BDD5C5-D0C5-4ED8-B0D1-C48575AB8076}.Release|Any CPU.Build.0 = Release|Any CPU
		{4A81A0FD-AC06-409C-B04C-527AC2978198}.Debug|Any CPU.ActiveCfg = Debug|Any CPU
		{4A81A0FD-AC06-409C-B04C-527AC2978198}.Debug|Any CPU.Build.0 = Debug|Any CPU
		{4A81A0FD-AC06-409C-B04C-527AC2978198}.Release|Any CPU.ActiveCfg = Release|Any CPU
		{4A81A0FD-AC06-409C-B04C-527AC2978198}.Release|Any CPU.Build.0 = Release|Any CPU
		{D819EA1B-55DA-4770-B936-D6A13794D2E2}.Debug|Any CPU.ActiveCfg = Debug|Any CPU
		{D819EA1B-55DA-4770-B936-D6A13794D2E2}.Debug|Any CPU.Build.0 = Debug|Any CPU
		{D819EA1B-55DA-4770-B936-D6A13794D2E2}.Release|Any CPU.ActiveCfg = Release|Any CPU
		{D819EA1B-55DA-4770-B936-D6A13794D2E2}.Release|Any CPU.Build.0 = Release|Any CPU
		{DB2B5235-55F7-47DE-A87A-0E2198849D06}.Debug|Any CPU.ActiveCfg = Debug|Any CPU
		{DB2B5235-55F7-47DE-A87A-0E2198849D06}.Debug|Any CPU.Build.0 = Debug|Any CPU
		{DB2B5235-55F7-47DE-A87A-0E2198849D06}.Release|Any CPU.ActiveCfg = Release|Any CPU
		{DB2B5235-55F7-47DE-A87A-0E2198849D06}.Release|Any CPU.Build.0 = Release|Any CPU
		{D10656A5-37B7-4BC2-B7EE-257C3E523B91}.Debug|Any CPU.ActiveCfg = Debug|Any CPU
		{D10656A5-37B7-4BC2-B7EE-257C3E523B91}.Debug|Any CPU.Build.0 = Debug|Any CPU
		{D10656A5-37B7-4BC2-B7EE-257C3E523B91}.Release|Any CPU.ActiveCfg = Release|Any CPU
		{D10656A5-37B7-4BC2-B7EE-257C3E523B91}.Release|Any CPU.Build.0 = Release|Any CPU
		{1059FCEE-70FA-43A3-AD4C-70AFE066851B}.Debug|Any CPU.ActiveCfg = Debug|Any CPU
		{1059FCEE-70FA-43A3-AD4C-70AFE066851B}.Debug|Any CPU.Build.0 = Debug|Any CPU
		{1059FCEE-70FA-43A3-AD4C-70AFE066851B}.Release|Any CPU.ActiveCfg = Release|Any CPU
		{1059FCEE-70FA-43A3-AD4C-70AFE066851B}.Release|Any CPU.Build.0 = Release|Any CPU
		{6DB49D36-45B0-4B5A-BF3A-3C8D8B921D44}.Debug|Any CPU.ActiveCfg = Debug|Any CPU
		{6DB49D36-45B0-4B5A-BF3A-3C8D8B921D44}.Debug|Any CPU.Build.0 = Debug|Any CPU
		{6DB49D36-45B0-4B5A-BF3A-3C8D8B921D44}.Release|Any CPU.ActiveCfg = Release|Any CPU
		{6DB49D36-45B0-4B5A-BF3A-3C8D8B921D44}.Release|Any CPU.Build.0 = Release|Any CPU
		{6FE91962-D3ED-4119-8806-40A664320C5A}.Debug|Any CPU.ActiveCfg = Debug|Any CPU
		{6FE91962-D3ED-4119-8806-40A664320C5A}.Debug|Any CPU.Build.0 = Debug|Any CPU
		{6FE91962-D3ED-4119-8806-40A664320C5A}.Release|Any CPU.ActiveCfg = Release|Any CPU
		{6FE91962-D3ED-4119-8806-40A664320C5A}.Release|Any CPU.Build.0 = Release|Any CPU
		{ADE0EF7F-95B9-434B-9B06-DF1E53BAADFA}.Debug|Any CPU.ActiveCfg = Debug|Any CPU
		{ADE0EF7F-95B9-434B-9B06-DF1E53BAADFA}.Debug|Any CPU.Build.0 = Debug|Any CPU
		{ADE0EF7F-95B9-434B-9B06-DF1E53BAADFA}.Release|Any CPU.ActiveCfg = Release|Any CPU
		{ADE0EF7F-95B9-434B-9B06-DF1E53BAADFA}.Release|Any CPU.Build.0 = Release|Any CPU
		{5E1464D9-1DD9-4F25-82B8-47EA56064404}.Debug|Any CPU.ActiveCfg = Debug|Any CPU
		{5E1464D9-1DD9-4F25-82B8-47EA56064404}.Debug|Any CPU.Build.0 = Debug|Any CPU
		{5E1464D9-1DD9-4F25-82B8-47EA56064404}.Release|Any CPU.ActiveCfg = Release|Any CPU
		{5E1464D9-1DD9-4F25-82B8-47EA56064404}.Release|Any CPU.Build.0 = Release|Any CPU
		{B9C9EF82-DF7A-4410-9EE8-3C9D26AB1F0E}.Debug|Any CPU.ActiveCfg = Debug|Any CPU
		{B9C9EF82-DF7A-4410-9EE8-3C9D26AB1F0E}.Debug|Any CPU.Build.0 = Debug|Any CPU
		{B9C9EF82-DF7A-4410-9EE8-3C9D26AB1F0E}.Release|Any CPU.ActiveCfg = Release|Any CPU
		{B9C9EF82-DF7A-4410-9EE8-3C9D26AB1F0E}.Release|Any CPU.Build.0 = Release|Any CPU
		{C8CF5756-6B77-42D8-A48C-C7513E99312B}.Debug|Any CPU.ActiveCfg = Debug|Any CPU
		{C8CF5756-6B77-42D8-A48C-C7513E99312B}.Debug|Any CPU.Build.0 = Debug|Any CPU
		{C8CF5756-6B77-42D8-A48C-C7513E99312B}.Release|Any CPU.ActiveCfg = Release|Any CPU
		{C8CF5756-6B77-42D8-A48C-C7513E99312B}.Release|Any CPU.Build.0 = Release|Any CPU
		{2ED7D620-F88B-4C96-A5ED-A8DE16D3E5C3}.Debug|Any CPU.ActiveCfg = Debug|Any CPU
		{2ED7D620-F88B-4C96-A5ED-A8DE16D3E5C3}.Debug|Any CPU.Build.0 = Debug|Any CPU
		{2ED7D620-F88B-4C96-A5ED-A8DE16D3E5C3}.Release|Any CPU.ActiveCfg = Release|Any CPU
		{2ED7D620-F88B-4C96-A5ED-A8DE16D3E5C3}.Release|Any CPU.Build.0 = Release|Any CPU
		{16FBCC22-9117-4A10-8A46-9F9BF296C723}.Debug|Any CPU.ActiveCfg = Debug|Any CPU
		{16FBCC22-9117-4A10-8A46-9F9BF296C723}.Debug|Any CPU.Build.0 = Debug|Any CPU
		{16FBCC22-9117-4A10-8A46-9F9BF296C723}.Release|Any CPU.ActiveCfg = Release|Any CPU
		{16FBCC22-9117-4A10-8A46-9F9BF296C723}.Release|Any CPU.Build.0 = Release|Any CPU
		{80876C74-4BA6-49AA-825C-5977BF48469E}.Debug|Any CPU.ActiveCfg = Debug|Any CPU
		{80876C74-4BA6-49AA-825C-5977BF48469E}.Debug|Any CPU.Build.0 = Debug|Any CPU
		{80876C74-4BA6-49AA-825C-5977BF48469E}.Release|Any CPU.ActiveCfg = Release|Any CPU
		{80876C74-4BA6-49AA-825C-5977BF48469E}.Release|Any CPU.Build.0 = Release|Any CPU
		{53475CF8-7D65-4E7A-A37E-6742D43928C1}.Debug|Any CPU.ActiveCfg = Debug|Any CPU
		{53475CF8-7D65-4E7A-A37E-6742D43928C1}.Debug|Any CPU.Build.0 = Debug|Any CPU
		{53475CF8-7D65-4E7A-A37E-6742D43928C1}.Release|Any CPU.ActiveCfg = Release|Any CPU
		{53475CF8-7D65-4E7A-A37E-6742D43928C1}.Release|Any CPU.Build.0 = Release|Any CPU
		{FBF79944-A880-4659-B742-81EA2D9E7209}.Debug|Any CPU.ActiveCfg = Debug|Any CPU
		{FBF79944-A880-4659-B742-81EA2D9E7209}.Debug|Any CPU.Build.0 = Debug|Any CPU
		{FBF79944-A880-4659-B742-81EA2D9E7209}.Release|Any CPU.ActiveCfg = Release|Any CPU
		{FBF79944-A880-4659-B742-81EA2D9E7209}.Release|Any CPU.Build.0 = Release|Any CPU
		{EFC5AC86-DFB5-4651-8A7E-D191A61DAE7C}.Debug|Any CPU.ActiveCfg = Debug|Any CPU
		{EFC5AC86-DFB5-4651-8A7E-D191A61DAE7C}.Debug|Any CPU.Build.0 = Debug|Any CPU
		{EFC5AC86-DFB5-4651-8A7E-D191A61DAE7C}.Release|Any CPU.ActiveCfg = Release|Any CPU
		{EFC5AC86-DFB5-4651-8A7E-D191A61DAE7C}.Release|Any CPU.Build.0 = Release|Any CPU
		{1A5A1E4B-EDFD-4157-A7C6-102EAC3E7CB4}.Debug|Any CPU.ActiveCfg = Debug|Any CPU
		{1A5A1E4B-EDFD-4157-A7C6-102EAC3E7CB4}.Debug|Any CPU.Build.0 = Debug|Any CPU
		{1A5A1E4B-EDFD-4157-A7C6-102EAC3E7CB4}.Release|Any CPU.ActiveCfg = Release|Any CPU
		{1A5A1E4B-EDFD-4157-A7C6-102EAC3E7CB4}.Release|Any CPU.Build.0 = Release|Any CPU
		{C149FE19-1F0B-481D-A22F-9F7A8118F20E}.Debug|Any CPU.ActiveCfg = Debug|Any CPU
		{C149FE19-1F0B-481D-A22F-9F7A8118F20E}.Debug|Any CPU.Build.0 = Debug|Any CPU
		{C149FE19-1F0B-481D-A22F-9F7A8118F20E}.Release|Any CPU.ActiveCfg = Release|Any CPU
		{C149FE19-1F0B-481D-A22F-9F7A8118F20E}.Release|Any CPU.Build.0 = Release|Any CPU
		{3D17BF16-1E53-4C85-9A47-FF402797AA8A}.Debug|Any CPU.ActiveCfg = Debug|Any CPU
		{3D17BF16-1E53-4C85-9A47-FF402797AA8A}.Debug|Any CPU.Build.0 = Debug|Any CPU
		{3D17BF16-1E53-4C85-9A47-FF402797AA8A}.Release|Any CPU.ActiveCfg = Release|Any CPU
		{3D17BF16-1E53-4C85-9A47-FF402797AA8A}.Release|Any CPU.Build.0 = Release|Any CPU
		{802D08EF-EE78-4D68-ACAC-33E3F2E6A045}.Debug|Any CPU.ActiveCfg = Debug|Any CPU
		{802D08EF-EE78-4D68-ACAC-33E3F2E6A045}.Debug|Any CPU.Build.0 = Debug|Any CPU
		{802D08EF-EE78-4D68-ACAC-33E3F2E6A045}.Release|Any CPU.ActiveCfg = Release|Any CPU
		{802D08EF-EE78-4D68-ACAC-33E3F2E6A045}.Release|Any CPU.Build.0 = Release|Any CPU
		{3F9F6B2E-15F9-4D28-96FE-A1A64CE8678B}.Debug|Any CPU.ActiveCfg = Debug|Any CPU
		{3F9F6B2E-15F9-4D28-96FE-A1A64CE8678B}.Debug|Any CPU.Build.0 = Debug|Any CPU
		{3F9F6B2E-15F9-4D28-96FE-A1A64CE8678B}.Release|Any CPU.ActiveCfg = Release|Any CPU
		{3F9F6B2E-15F9-4D28-96FE-A1A64CE8678B}.Release|Any CPU.Build.0 = Release|Any CPU
		{9279DE9C-3A6C-4FFA-A371-F179D8538612}.Debug|Any CPU.ActiveCfg = Debug|Any CPU
		{9279DE9C-3A6C-4FFA-A371-F179D8538612}.Debug|Any CPU.Build.0 = Debug|Any CPU
		{9279DE9C-3A6C-4FFA-A371-F179D8538612}.Release|Any CPU.ActiveCfg = Release|Any CPU
		{9279DE9C-3A6C-4FFA-A371-F179D8538612}.Release|Any CPU.Build.0 = Release|Any CPU
		{0A0DFDB8-6998-4015-A54D-3DEE876501A1}.Debug|Any CPU.ActiveCfg = Debug|Any CPU
		{0A0DFDB8-6998-4015-A54D-3DEE876501A1}.Debug|Any CPU.Build.0 = Debug|Any CPU
		{0A0DFDB8-6998-4015-A54D-3DEE876501A1}.Release|Any CPU.ActiveCfg = Release|Any CPU
		{0A0DFDB8-6998-4015-A54D-3DEE876501A1}.Release|Any CPU.Build.0 = Release|Any CPU
		{1BEA3170-ACB0-4126-9485-FC5468AE7CAD}.Debug|Any CPU.ActiveCfg = Debug|Any CPU
		{1BEA3170-ACB0-4126-9485-FC5468AE7CAD}.Debug|Any CPU.Build.0 = Debug|Any CPU
		{1BEA3170-ACB0-4126-9485-FC5468AE7CAD}.Release|Any CPU.ActiveCfg = Release|Any CPU
		{1BEA3170-ACB0-4126-9485-FC5468AE7CAD}.Release|Any CPU.Build.0 = Release|Any CPU
		{18162EA6-A8AA-4066-8229-8099DDD71301}.Debug|Any CPU.ActiveCfg = Debug|Any CPU
		{18162EA6-A8AA-4066-8229-8099DDD71301}.Debug|Any CPU.Build.0 = Debug|Any CPU
		{18162EA6-A8AA-4066-8229-8099DDD71301}.Release|Any CPU.ActiveCfg = Release|Any CPU
		{18162EA6-A8AA-4066-8229-8099DDD71301}.Release|Any CPU.Build.0 = Release|Any CPU
		{E7AD6F09-9677-4E3B-BB1E-39FB255B3F82}.Debug|Any CPU.ActiveCfg = Debug|Any CPU
		{E7AD6F09-9677-4E3B-BB1E-39FB255B3F82}.Debug|Any CPU.Build.0 = Debug|Any CPU
		{E7AD6F09-9677-4E3B-BB1E-39FB255B3F82}.Release|Any CPU.ActiveCfg = Release|Any CPU
		{E7AD6F09-9677-4E3B-BB1E-39FB255B3F82}.Release|Any CPU.Build.0 = Release|Any CPU
		{CE6A8F06-C14B-4168-A54C-6DC18514581F}.Debug|Any CPU.ActiveCfg = Debug|Any CPU
		{CE6A8F06-C14B-4168-A54C-6DC18514581F}.Debug|Any CPU.Build.0 = Debug|Any CPU
		{CE6A8F06-C14B-4168-A54C-6DC18514581F}.Release|Any CPU.ActiveCfg = Release|Any CPU
		{CE6A8F06-C14B-4168-A54C-6DC18514581F}.Release|Any CPU.Build.0 = Release|Any CPU
		{2BCFC849-F9AF-40B2-AA29-16E5D97FD177}.Debug|Any CPU.ActiveCfg = Debug|Any CPU
		{2BCFC849-F9AF-40B2-AA29-16E5D97FD177}.Debug|Any CPU.Build.0 = Debug|Any CPU
		{2BCFC849-F9AF-40B2-AA29-16E5D97FD177}.Release|Any CPU.ActiveCfg = Release|Any CPU
		{2BCFC849-F9AF-40B2-AA29-16E5D97FD177}.Release|Any CPU.Build.0 = Release|Any CPU
	EndGlobalSection
	GlobalSection(SolutionProperties) = preSolution
		HideSolutionNode = FALSE
	EndGlobalSection
	GlobalSection(ExtensibilityGlobals) = postSolution
		SolutionGuid = {E2041AD1-E746-416B-9C4F-3B87840879D3}
	EndGlobalSection
EndGlobal
