
Microsoft Visual Studio Solution File, Format Version 12.00
# Visual Studio Version 17
VisualStudioVersion = 17.8.34212.112
MinimumVisualStudioVersion = 10.0.40219.1
Project("{9A19103F-16F7-4668-BE54-9A1E7A4F7556}") = "1.1.10 Sequential (Exercise 10)", "1.1.10 Sequential (Exercise 10)\1.1.10 Sequential (Exercise 10).csproj", "{9C98BE56-46FB-482B-9FAF-EC5F18FFD06B}"
EndProject
Project("{9A19103F-16F7-4668-BE54-9A1E7A4F7556}") = "1.1.11 Sequential (Exercise 11)", "1.1.11 Sequential (Exercise 11)\1.1.11 Sequential (Exercise 11).csproj", "{D7A49212-5B23-4AD1-975E-F454949E1C2E}"
EndProject
Project("{9A19103F-16F7-4668-BE54-9A1E7A4F7556}") = "1.1.12 Sequential (Exercise 12)", "1.1.12 Sequential (Exercise 12)\1.1.12 Sequential (Exercise 12).csproj", "{4AA69CE6-1DC7-4C33-8998-7858F3FBCF78}"
EndProject
Project("{9A19103F-16F7-4668-BE54-9A1E7A4F7556}") = "1.1.15 Sequential (Exercise 15)", "1.1.15 Sequential (Exercise 15)\1.1.15 Sequential (Exercise 15).csproj", "{0F7CC6A0-7B0A-41F4-BC18-1B51DE507F8D}"
EndProject
Project("{9A19103F-16F7-4668-BE54-9A1E7A4F7556}") = "1.1.16 Sequential (Exercise 16)", "1.1.16 Sequential (Exercise 16)\1.1.16 Sequential (Exercise 16).csproj", "{4E10D265-42E0-4151-97A4-AEEFB8FFF313}"
EndProject
Project("{9A19103F-16F7-4668-BE54-9A1E7A4F7556}") = "1.1.14 Sequential (Exercise 14)", "1.1.14 Sequential (Exercise 14)\1.1.14 Sequential (Exercise 14).csproj", "{24F00E24-506E-42A8-91A8-A33FEE3827A8}"
EndProject
Project("{9A19103F-16F7-4668-BE54-9A1E7A4F7556}") = "1.1.13 Sequential (Exercise 13)", "1.1.13 Sequential (Exercise 13)\1.1.13 Sequential (Exercise 13).csproj", "{35191F71-441B-4EB3-8197-0C1AF2893C28}"
EndProject
Project("{9A19103F-16F7-4668-BE54-9A1E7A4F7556}") = "1.1.01 Sequential (Exercise 01)", "1.1.01 Sequential (Exercise 01)\1.1.01 Sequential (Exercise 01).csproj", "{A6021583-2FD6-4C47-A0BF-2F3E7EBF5F42}"
EndProject
Project("{9A19103F-16F7-4668-BE54-9A1E7A4F7556}") = "1.1.02 Sequential (Exercise 02)", "1.1.02 Sequential (Exercise 02)\1.1.02 Sequential (Exercise 02).csproj", "{FEEE5E97-7D9E-46B4-AE48-B1188624D404}"
EndProject
Project("{9A19103F-16F7-4668-BE54-9A1E7A4F7556}") = "1.1.03 Sequential (Exercise 03)", "1.1.03 Sequential (Exercise 03)\1.1.03 Sequential (Exercise 03).csproj", "{2BDED56F-C758-47DC-8443-5EF04B6E5C8E}"
EndProject
Project("{9A19103F-16F7-4668-BE54-9A1E7A4F7556}") = "1.1.04 Sequential (Exercise 04)", "1.1.04 Sequential (Exercise 04)\1.1.04 Sequential (Exercise 04).csproj", "{5EEE7D72-A4D6-4C52-804D-EF894A6899B4}"
EndProject
Project("{9A19103F-16F7-4668-BE54-9A1E7A4F7556}") = "1.1.05 Sequential (Exercise 05)", "1.1.05 Sequential (Exercise 05)\1.1.05 Sequential (Exercise 05).csproj", "{9D9F9D73-8C2E-4D07-98F9-A73D53D6E9C2}"
EndProject
Project("{9A19103F-16F7-4668-BE54-9A1E7A4F7556}") = "1.1.06 Sequential (Exercise 06)", "1.1.06 Sequential (Exercise 06)\1.1.06 Sequential (Exercise 06).csproj", "{B368D859-49DF-4471-A29C-73C3718C276E}"
EndProject
Project("{9A19103F-16F7-4668-BE54-9A1E7A4F7556}") = "1.1.07 Sequential (Exercise 07)", "1.1.07 Sequential (Exercise 07)\1.1.07 Sequential (Exercise 07).csproj", "{58D884D4-D3AF-4195-A622-1BFAD0B88BC1}"
EndProject
Project("{9A19103F-16F7-4668-BE54-9A1E7A4F7556}") = "1.1.08 Sequential (Exercise 08)", "1.1.08 Sequential (Exercise 08)\1.1.08 Sequential (Exercise 08).csproj", "{F3FE8680-246A-44D4-8053-7CCDB0700BFD}"
EndProject
Project("{9A19103F-16F7-4668-BE54-9A1E7A4F7556}") = "1.1.09 Sequential (Exercise 09)", "1.1.09 Sequential (Exercise 09)\1.1.09 Sequential (Exercise 09).csproj", "{3F9CA44A-384D-45B5-B085-0BAB36420D3A}"
EndProject
Project("{9A19103F-16F7-4668-BE54-9A1E7A4F7556}") = "2.1.01 If Condition (Exercise 01)", "2.1.01 If Condition (Exercise 01)\2.1.01 If Condition (Exercise 01).csproj", "{125B3E52-3084-487A-8166-DE79BD29D8DA}"
EndProject
Project("{9A19103F-16F7-4668-BE54-9A1E7A4F7556}") = "2.1.02 If Condition (Exercise 02)", "2.1.02 If Condition (Exercise 02)\2.1.02 If Condition (Exercise 02).csproj", "{35A06735-7CBE-4196-8E56-BB415BE42994}"
EndProject
Project("{9A19103F-16F7-4668-BE54-9A1E7A4F7556}") = "2.1.03 If Condition (Exercise 03)", "2.1.03 If Condition (Exercise 03)\2.1.03 If Condition (Exercise 03).csproj", "{9BAADB0A-3E2F-43CA-8C1C-D0D2D5551DF7}"
EndProject
Project("{9A19103F-16F7-4668-BE54-9A1E7A4F7556}") = "2.1.04 If Condition (Exercise 04)", "2.1.04 If Condition (Exercise 04)\2.1.04 If Condition (Exercise 04).csproj", "{0BC63041-8266-4A5A-BEF4-AC756C095812}"
EndProject
Project("{9A19103F-16F7-4668-BE54-9A1E7A4F7556}") = "2.1.05 If Condition (Exercise 05)", "2.1.05 If Condition (Exercise 05)\2.1.05 If Condition (Exercise 05).csproj", "{2DDDEA0A-5F3D-4723-A42D-E0CF02CDFC8D}"
EndProject
Project("{9A19103F-16F7-4668-BE54-9A1E7A4F7556}") = "2.1.06 If Condition (Exercise 06)", "2.1.06 If Condition (Exercise 06)\2.1.06 If Condition (Exercise 06).csproj", "{01415AEF-4255-4CB3-AD44-B5F51FD1B1B7}"
EndProject
Project("{9A19103F-16F7-4668-BE54-9A1E7A4F7556}") = "2.1.07 If Condition (Exercise 07)", "2.1.07 If Condition (Exercise 07)\2.1.07 If Condition (Exercise 07).csproj", "{0B16A038-987F-4E04-ABC0-D3436BCBBA77}"
EndProject
Project("{9A19103F-16F7-4668-BE54-9A1E7A4F7556}") = "2.1.08 If Condition (Exercise 08)", "2.1.08 If Condition (Exercise 08)\2.1.08 If Condition (Exercise 08).csproj", "{CB8DFD06-CDB9-4BB1-A463-996BACDC1B0D}"
EndProject
Project("{9A19103F-16F7-4668-BE54-9A1E7A4F7556}") = "2.1.09 If Condition (Exercise 09)", "2.1.09 If Condition (Exercise 09)\2.1.09 If Condition (Exercise 09).csproj", "{D6E66D54-E7C8-43D3-A84C-4ED6B8F168B1}"
EndProject
Project("{9A19103F-16F7-4668-BE54-9A1E7A4F7556}") = "5.2.1.1.01 Multidimensional Array (Exercise 1)", "5.2.1.1.01 Multidimensional Array (Exercise 1)\5.2.1.1.01 Multidimensional Array (Exercise 1).csproj", "{161F7236-AC53-4A54-A9C4-DC9B054214A0}"
EndProject
Project("{9A19103F-16F7-4668-BE54-9A1E7A4F7556}") = "5.2.1.1.02 Multidimensional Array (Exercise 2)", "5.2.1.1.02 Multidimensional Array (Exercise 2)\5.2.1.1.02 Multidimensional Array (Exercise 2).csproj", "{ED62AE1F-CD06-492C-B71D-63F2F8338B60}"
EndProject
Project("{9A19103F-16F7-4668-BE54-9A1E7A4F7556}") = "5.2.1.1.03 Multidimensional Array (Exercise 3)", "5.2.1.1.03 Multidimensional Array (Exercise 3)\5.2.1.1.03 Multidimensional Array (Exercise 3).csproj", "{C1471DB7-5F6C-4D61-818C-150D1DCA97C5}"
EndProject
Project("{9A19103F-16F7-4668-BE54-9A1E7A4F7556}") = "5.2.1.1.04 Multidimensional Array (Exercise 4)", "5.2.1.1.04 Multidimensional Array (Exercise 4)\5.2.1.1.04 Multidimensional Array (Exercise 4).csproj", "{329CD26E-C8A1-4AAB-9508-1EEE5970E8AD}"
EndProject
Project("{9A19103F-16F7-4668-BE54-9A1E7A4F7556}") = "5.2.1.1.05 Multidimensional Array (Exercise 5)", "5.2.1.1.05 Multidimensional Array (Exercise 5)\5.2.1.1.05 Multidimensional Array (Exercise 5).csproj", "{61F8D6D7-32AB-47E8-9951-0067B4447A4D}"
EndProject
Project("{9A19103F-16F7-4668-BE54-9A1E7A4F7556}") = "5.2.1.1.06 Multidimensional Array (Exercise 6)", "5.2.1.1.06 Multidimensional Array (Exercise 6)\5.2.1.1.06 Multidimensional Array (Exercise 6).csproj", "{DA6F291D-4CED-4AAF-9689-6AE4BA9BB44D}"
EndProject
Project("{FAE04EC0-301F-11D3-BF4B-00C04F79EFBC}") = "5.2.1.1.08 Multidimensional Array (Exercise 8)", "5.2.1.1.08 Multidimensional Array (Exercise 8)\5.2.1.1.08 Multidimensional Array (Exercise 8).csproj", "{FE979F30-5842-485D-A435-CCB651C4CEC6}"
EndProject
Global
	GlobalSection(SolutionConfigurationPlatforms) = preSolution
		Debug|Any CPU = Debug|Any CPU
		Release|Any CPU = Release|Any CPU
	EndGlobalSection
	GlobalSection(ProjectConfigurationPlatforms) = postSolution
		{9C98BE56-46FB-482B-9FAF-EC5F18FFD06B}.Debug|Any CPU.ActiveCfg = Debug|Any CPU
		{9C98BE56-46FB-482B-9FAF-EC5F18FFD06B}.Debug|Any CPU.Build.0 = Debug|Any CPU
		{9C98BE56-46FB-482B-9FAF-EC5F18FFD06B}.Release|Any CPU.ActiveCfg = Release|Any CPU
		{9C98BE56-46FB-482B-9FAF-EC5F18FFD06B}.Release|Any CPU.Build.0 = Release|Any CPU
		{D7A49212-5B23-4AD1-975E-F454949E1C2E}.Debug|Any CPU.ActiveCfg = Debug|Any CPU
		{D7A49212-5B23-4AD1-975E-F454949E1C2E}.Debug|Any CPU.Build.0 = Debug|Any CPU
		{D7A49212-5B23-4AD1-975E-F454949E1C2E}.Release|Any CPU.ActiveCfg = Release|Any CPU
		{D7A49212-5B23-4AD1-975E-F454949E1C2E}.Release|Any CPU.Build.0 = Release|Any CPU
		{4AA69CE6-1DC7-4C33-8998-7858F3FBCF78}.Debug|Any CPU.ActiveCfg = Debug|Any CPU
		{4AA69CE6-1DC7-4C33-8998-7858F3FBCF78}.Debug|Any CPU.Build.0 = Debug|Any CPU
		{4AA69CE6-1DC7-4C33-8998-7858F3FBCF78}.Release|Any CPU.ActiveCfg = Release|Any CPU
		{4AA69CE6-1DC7-4C33-8998-7858F3FBCF78}.Release|Any CPU.Build.0 = Release|Any CPU
		{0F7CC6A0-7B0A-41F4-BC18-1B51DE507F8D}.Debug|Any CPU.ActiveCfg = Debug|Any CPU
		{0F7CC6A0-7B0A-41F4-BC18-1B51DE507F8D}.Debug|Any CPU.Build.0 = Debug|Any CPU
		{0F7CC6A0-7B0A-41F4-BC18-1B51DE507F8D}.Release|Any CPU.ActiveCfg = Release|Any CPU
		{0F7CC6A0-7B0A-41F4-BC18-1B51DE507F8D}.Release|Any CPU.Build.0 = Release|Any CPU
		{4E10D265-42E0-4151-97A4-AEEFB8FFF313}.Debug|Any CPU.ActiveCfg = Debug|Any CPU
		{4E10D265-42E0-4151-97A4-AEEFB8FFF313}.Debug|Any CPU.Build.0 = Debug|Any CPU
		{4E10D265-42E0-4151-97A4-AEEFB8FFF313}.Release|Any CPU.ActiveCfg = Release|Any CPU
		{4E10D265-42E0-4151-97A4-AEEFB8FFF313}.Release|Any CPU.Build.0 = Release|Any CPU
		{24F00E24-506E-42A8-91A8-A33FEE3827A8}.Debug|Any CPU.ActiveCfg = Debug|Any CPU
		{24F00E24-506E-42A8-91A8-A33FEE3827A8}.Debug|Any CPU.Build.0 = Debug|Any CPU
		{24F00E24-506E-42A8-91A8-A33FEE3827A8}.Release|Any CPU.ActiveCfg = Release|Any CPU
		{24F00E24-506E-42A8-91A8-A33FEE3827A8}.Release|Any CPU.Build.0 = Release|Any CPU
		{35191F71-441B-4EB3-8197-0C1AF2893C28}.Debug|Any CPU.ActiveCfg = Debug|Any CPU
		{35191F71-441B-4EB3-8197-0C1AF2893C28}.Debug|Any CPU.Build.0 = Debug|Any CPU
		{35191F71-441B-4EB3-8197-0C1AF2893C28}.Release|Any CPU.ActiveCfg = Release|Any CPU
		{35191F71-441B-4EB3-8197-0C1AF2893C28}.Release|Any CPU.Build.0 = Release|Any CPU
		{A6021583-2FD6-4C47-A0BF-2F3E7EBF5F42}.Debug|Any CPU.ActiveCfg = Debug|Any CPU
		{A6021583-2FD6-4C47-A0BF-2F3E7EBF5F42}.Debug|Any CPU.Build.0 = Debug|Any CPU
		{A6021583-2FD6-4C47-A0BF-2F3E7EBF5F42}.Release|Any CPU.ActiveCfg = Release|Any CPU
		{A6021583-2FD6-4C47-A0BF-2F3E7EBF5F42}.Release|Any CPU.Build.0 = Release|Any CPU
		{FEEE5E97-7D9E-46B4-AE48-B1188624D404}.Debug|Any CPU.ActiveCfg = Debug|Any CPU
		{FEEE5E97-7D9E-46B4-AE48-B1188624D404}.Debug|Any CPU.Build.0 = Debug|Any CPU
		{FEEE5E97-7D9E-46B4-AE48-B1188624D404}.Release|Any CPU.ActiveCfg = Release|Any CPU
		{FEEE5E97-7D9E-46B4-AE48-B1188624D404}.Release|Any CPU.Build.0 = Release|Any CPU
		{2BDED56F-C758-47DC-8443-5EF04B6E5C8E}.Debug|Any CPU.ActiveCfg = Debug|Any CPU
		{2BDED56F-C758-47DC-8443-5EF04B6E5C8E}.Debug|Any CPU.Build.0 = Debug|Any CPU
		{2BDED56F-C758-47DC-8443-5EF04B6E5C8E}.Release|Any CPU.ActiveCfg = Release|Any CPU
		{2BDED56F-C758-47DC-8443-5EF04B6E5C8E}.Release|Any CPU.Build.0 = Release|Any CPU
		{5EEE7D72-A4D6-4C52-804D-EF894A6899B4}.Debug|Any CPU.ActiveCfg = Debug|Any CPU
		{5EEE7D72-A4D6-4C52-804D-EF894A6899B4}.Debug|Any CPU.Build.0 = Debug|Any CPU
		{5EEE7D72-A4D6-4C52-804D-EF894A6899B4}.Release|Any CPU.ActiveCfg = Release|Any CPU
		{5EEE7D72-A4D6-4C52-804D-EF894A6899B4}.Release|Any CPU.Build.0 = Release|Any CPU
		{9D9F9D73-8C2E-4D07-98F9-A73D53D6E9C2}.Debug|Any CPU.ActiveCfg = Debug|Any CPU
		{9D9F9D73-8C2E-4D07-98F9-A73D53D6E9C2}.Debug|Any CPU.Build.0 = Debug|Any CPU
		{9D9F9D73-8C2E-4D07-98F9-A73D53D6E9C2}.Release|Any CPU.ActiveCfg = Release|Any CPU
		{9D9F9D73-8C2E-4D07-98F9-A73D53D6E9C2}.Release|Any CPU.Build.0 = Release|Any CPU
		{B368D859-49DF-4471-A29C-73C3718C276E}.Debug|Any CPU.ActiveCfg = Debug|Any CPU
		{B368D859-49DF-4471-A29C-73C3718C276E}.Debug|Any CPU.Build.0 = Debug|Any CPU
		{B368D859-49DF-4471-A29C-73C3718C276E}.Release|Any CPU.ActiveCfg = Release|Any CPU
		{B368D859-49DF-4471-A29C-73C3718C276E}.Release|Any CPU.Build.0 = Release|Any CPU
		{58D884D4-D3AF-4195-A622-1BFAD0B88BC1}.Debug|Any CPU.ActiveCfg = Debug|Any CPU
		{58D884D4-D3AF-4195-A622-1BFAD0B88BC1}.Debug|Any CPU.Build.0 = Debug|Any CPU
		{58D884D4-D3AF-4195-A622-1BFAD0B88BC1}.Release|Any CPU.ActiveCfg = Release|Any CPU
		{58D884D4-D3AF-4195-A622-1BFAD0B88BC1}.Release|Any CPU.Build.0 = Release|Any CPU
		{F3FE8680-246A-44D4-8053-7CCDB0700BFD}.Debug|Any CPU.ActiveCfg = Debug|Any CPU
		{F3FE8680-246A-44D4-8053-7CCDB0700BFD}.Debug|Any CPU.Build.0 = Debug|Any CPU
		{F3FE8680-246A-44D4-8053-7CCDB0700BFD}.Release|Any CPU.ActiveCfg = Release|Any CPU
		{F3FE8680-246A-44D4-8053-7CCDB0700BFD}.Release|Any CPU.Build.0 = Release|Any CPU
		{3F9CA44A-384D-45B5-B085-0BAB36420D3A}.Debug|Any CPU.ActiveCfg = Debug|Any CPU
		{3F9CA44A-384D-45B5-B085-0BAB36420D3A}.Debug|Any CPU.Build.0 = Debug|Any CPU
		{3F9CA44A-384D-45B5-B085-0BAB36420D3A}.Release|Any CPU.ActiveCfg = Release|Any CPU
		{3F9CA44A-384D-45B5-B085-0BAB36420D3A}.Release|Any CPU.Build.0 = Release|Any CPU
		{125B3E52-3084-487A-8166-DE79BD29D8DA}.Debug|Any CPU.ActiveCfg = Debug|Any CPU
		{125B3E52-3084-487A-8166-DE79BD29D8DA}.Debug|Any CPU.Build.0 = Debug|Any CPU
		{125B3E52-3084-487A-8166-DE79BD29D8DA}.Release|Any CPU.ActiveCfg = Release|Any CPU
		{125B3E52-3084-487A-8166-DE79BD29D8DA}.Release|Any CPU.Build.0 = Release|Any CPU
		{35A06735-7CBE-4196-8E56-BB415BE42994}.Debug|Any CPU.ActiveCfg = Debug|Any CPU
		{35A06735-7CBE-4196-8E56-BB415BE42994}.Debug|Any CPU.Build.0 = Debug|Any CPU
		{35A06735-7CBE-4196-8E56-BB415BE42994}.Release|Any CPU.ActiveCfg = Release|Any CPU
		{35A06735-7CBE-4196-8E56-BB415BE42994}.Release|Any CPU.Build.0 = Release|Any CPU
		{9BAADB0A-3E2F-43CA-8C1C-D0D2D5551DF7}.Debug|Any CPU.ActiveCfg = Debug|Any CPU
		{9BAADB0A-3E2F-43CA-8C1C-D0D2D5551DF7}.Debug|Any CPU.Build.0 = Debug|Any CPU
		{9BAADB0A-3E2F-43CA-8C1C-D0D2D5551DF7}.Release|Any CPU.ActiveCfg = Release|Any CPU
		{9BAADB0A-3E2F-43CA-8C1C-D0D2D5551DF7}.Release|Any CPU.Build.0 = Release|Any CPU
		{0BC63041-8266-4A5A-BEF4-AC756C095812}.Debug|Any CPU.ActiveCfg = Debug|Any CPU
		{0BC63041-8266-4A5A-BEF4-AC756C095812}.Debug|Any CPU.Build.0 = Debug|Any CPU
		{0BC63041-8266-4A5A-BEF4-AC756C095812}.Release|Any CPU.ActiveCfg = Release|Any CPU
		{0BC63041-8266-4A5A-BEF4-AC756C095812}.Release|Any CPU.Build.0 = Release|Any CPU
		{2DDDEA0A-5F3D-4723-A42D-E0CF02CDFC8D}.Debug|Any CPU.ActiveCfg = Debug|Any CPU
		{2DDDEA0A-5F3D-4723-A42D-E0CF02CDFC8D}.Debug|Any CPU.Build.0 = Debug|Any CPU
		{2DDDEA0A-5F3D-4723-A42D-E0CF02CDFC8D}.Release|Any CPU.ActiveCfg = Release|Any CPU
		{2DDDEA0A-5F3D-4723-A42D-E0CF02CDFC8D}.Release|Any CPU.Build.0 = Release|Any CPU
		{01415AEF-4255-4CB3-AD44-B5F51FD1B1B7}.Debug|Any CPU.ActiveCfg = Debug|Any CPU
		{01415AEF-4255-4CB3-AD44-B5F51FD1B1B7}.Debug|Any CPU.Build.0 = Debug|Any CPU
		{01415AEF-4255-4CB3-AD44-B5F51FD1B1B7}.Release|Any CPU.ActiveCfg = Release|Any CPU
		{01415AEF-4255-4CB3-AD44-B5F51FD1B1B7}.Release|Any CPU.Build.0 = Release|Any CPU
		{0B16A038-987F-4E04-ABC0-D3436BCBBA77}.Debug|Any CPU.ActiveCfg = Debug|Any CPU
		{0B16A038-987F-4E04-ABC0-D3436BCBBA77}.Debug|Any CPU.Build.0 = Debug|Any CPU
		{0B16A038-987F-4E04-ABC0-D3436BCBBA77}.Release|Any CPU.ActiveCfg = Release|Any CPU
		{0B16A038-987F-4E04-ABC0-D3436BCBBA77}.Release|Any CPU.Build.0 = Release|Any CPU
		{CB8DFD06-CDB9-4BB1-A463-996BACDC1B0D}.Debug|Any CPU.ActiveCfg = Debug|Any CPU
		{CB8DFD06-CDB9-4BB1-A463-996BACDC1B0D}.Debug|Any CPU.Build.0 = Debug|Any CPU
		{CB8DFD06-CDB9-4BB1-A463-996BACDC1B0D}.Release|Any CPU.ActiveCfg = Release|Any CPU
		{CB8DFD06-CDB9-4BB1-A463-996BACDC1B0D}.Release|Any CPU.Build.0 = Release|Any CPU
		{D6E66D54-E7C8-43D3-A84C-4ED6B8F168B1}.Debug|Any CPU.ActiveCfg = Debug|Any CPU
		{D6E66D54-E7C8-43D3-A84C-4ED6B8F168B1}.Debug|Any CPU.Build.0 = Debug|Any CPU
		{D6E66D54-E7C8-43D3-A84C-4ED6B8F168B1}.Release|Any CPU.ActiveCfg = Release|Any CPU
		{D6E66D54-E7C8-43D3-A84C-4ED6B8F168B1}.Release|Any CPU.Build.0 = Release|Any CPU
		{161F7236-AC53-4A54-A9C4-DC9B054214A0}.Debug|Any CPU.ActiveCfg = Debug|Any CPU
		{161F7236-AC53-4A54-A9C4-DC9B054214A0}.Debug|Any CPU.Build.0 = Debug|Any CPU
		{161F7236-AC53-4A54-A9C4-DC9B054214A0}.Release|Any CPU.ActiveCfg = Release|Any CPU
		{161F7236-AC53-4A54-A9C4-DC9B054214A0}.Release|Any CPU.Build.0 = Release|Any CPU
		{ED62AE1F-CD06-492C-B71D-63F2F8338B60}.Debug|Any CPU.ActiveCfg = Debug|Any CPU
		{ED62AE1F-CD06-492C-B71D-63F2F8338B60}.Debug|Any CPU.Build.0 = Debug|Any CPU
		{ED62AE1F-CD06-492C-B71D-63F2F8338B60}.Release|Any CPU.ActiveCfg = Release|Any CPU
		{ED62AE1F-CD06-492C-B71D-63F2F8338B60}.Release|Any CPU.Build.0 = Release|Any CPU
		{C1471DB7-5F6C-4D61-818C-150D1DCA97C5}.Debug|Any CPU.ActiveCfg = Debug|Any CPU
		{C1471DB7-5F6C-4D61-818C-150D1DCA97C5}.Debug|Any CPU.Build.0 = Debug|Any CPU
		{C1471DB7-5F6C-4D61-818C-150D1DCA97C5}.Release|Any CPU.ActiveCfg = Release|Any CPU
		{C1471DB7-5F6C-4D61-818C-150D1DCA97C5}.Release|Any CPU.Build.0 = Release|Any CPU
		{329CD26E-C8A1-4AAB-9508-1EEE5970E8AD}.Debug|Any CPU.ActiveCfg = Debug|Any CPU
		{329CD26E-C8A1-4AAB-9508-1EEE5970E8AD}.Debug|Any CPU.Build.0 = Debug|Any CPU
		{329CD26E-C8A1-4AAB-9508-1EEE5970E8AD}.Release|Any CPU.ActiveCfg = Release|Any CPU
		{329CD26E-C8A1-4AAB-9508-1EEE5970E8AD}.Release|Any CPU.Build.0 = Release|Any CPU
		{61F8D6D7-32AB-47E8-9951-0067B4447A4D}.Debug|Any CPU.ActiveCfg = Debug|Any CPU
		{61F8D6D7-32AB-47E8-9951-0067B4447A4D}.Debug|Any CPU.Build.0 = Debug|Any CPU
		{61F8D6D7-32AB-47E8-9951-0067B4447A4D}.Release|Any CPU.ActiveCfg = Release|Any CPU
		{61F8D6D7-32AB-47E8-9951-0067B4447A4D}.Release|Any CPU.Build.0 = Release|Any CPU
		{DA6F291D-4CED-4AAF-9689-6AE4BA9BB44D}.Debug|Any CPU.ActiveCfg = Debug|Any CPU
		{DA6F291D-4CED-4AAF-9689-6AE4BA9BB44D}.Debug|Any CPU.Build.0 = Debug|Any CPU
		{DA6F291D-4CED-4AAF-9689-6AE4BA9BB44D}.Release|Any CPU.ActiveCfg = Release|Any CPU
		{DA6F291D-4CED-4AAF-9689-6AE4BA9BB44D}.Release|Any CPU.Build.0 = Release|Any CPU
		{FE979F30-5842-485D-A435-CCB651C4CEC6}.Debug|Any CPU.ActiveCfg = Debug|Any CPU
		{FE979F30-5842-485D-A435-CCB651C4CEC6}.Debug|Any CPU.Build.0 = Debug|Any CPU
		{FE979F30-5842-485D-A435-CCB651C4CEC6}.Release|Any CPU.ActiveCfg = Release|Any CPU
		{FE979F30-5842-485D-A435-CCB651C4CEC6}.Release|Any CPU.Build.0 = Release|Any CPU
	EndGlobalSection
	GlobalSection(SolutionProperties) = preSolution
		HideSolutionNode = FALSE
	EndGlobalSection
	GlobalSection(ExtensibilityGlobals) = postSolution
		SolutionGuid = {E2041AD1-E746-416B-9C4F-3B87840879D3}
	EndGlobalSection
EndGlobal
